
Microsoft Visual Studio Solution File, Format Version 10.00
# Visual Studio 2008
Project("{FAE04EC0-301F-11D3-BF4B-00C04F79EFBC}") = "AccessImporter", "AccessImporter.csproj", "{A802BA7E-E0FF-4808-AB53-771A4D639AC8}"
EndProject
Project("{54435603-DBB4-11D2-8724-00A0C9A8B90C}") = "AccessImporterSetup", "AccessImporterSetup.vdproj", "{6BCA26BC-69DC-4156-8CF3-F3679E8527D9}"
EndProject
Global
	GlobalSection(SolutionConfigurationPlatforms) = preSolution
		Debug|Any CPU = Debug|Any CPU
		Release|Any CPU = Release|Any CPU
	EndGlobalSection
	GlobalSection(ProjectConfigurationPlatforms) = postSolution
		{A802BA7E-E0FF-4808-AB53-771A4D639AC8}.Debug|Any CPU.ActiveCfg = Debug|Any CPU
		{A802BA7E-E0FF-4808-AB53-771A4D639AC8}.Debug|Any CPU.Build.0 = Debug|Any CPU
		{A802BA7E-E0FF-4808-AB53-771A4D639AC8}.Release|Any CPU.ActiveCfg = Release|Any CPU
		{A802BA7E-E0FF-4808-AB53-771A4D639AC8}.Release|Any CPU.Build.0 = Release|Any CPU
		{6BCA26BC-69DC-4156-8CF3-F3679E8527D9}.Debug|Any CPU.ActiveCfg = Debug
		{6BCA26BC-69DC-4156-8CF3-F3679E8527D9}.Debug|Any CPU.Build.0 = Debug
		{6BCA26BC-69DC-4156-8CF3-F3679E8527D9}.Release|Any CPU.ActiveCfg = Release
		{6BCA26BC-69DC-4156-8CF3-F3679E8527D9}.Release|Any CPU.Build.0 = Release
	EndGlobalSection
	GlobalSection(SolutionProperties) = preSolution
		HideSolutionNode = FALSE
	EndGlobalSection
EndGlobal
