
Microsoft Visual Studio Solution File, Format Version 10.00
# Visual Studio 2008
Project("{FAE04EC0-301F-11D3-BF4B-00C04F79EFBC}") = "ExcelSearch", "ExcelSearch.csproj", "{FAF7562A-A3E7-4C14-974B-4A817C837AB3}"
EndProject
Project("{54435603-DBB4-11D2-8724-00A0C9A8B90C}") = "ExcelSearchSetup", "ExcelSearchSetup.vdproj", "{C253FD8E-69DD-441D-ADAA-B84293424D8F}"
EndProject
Global
	GlobalSection(SolutionConfigurationPlatforms) = preSolution
		Debug|Any CPU = Debug|Any CPU
		Release|Any CPU = Release|Any CPU
	EndGlobalSection
	GlobalSection(ProjectConfigurationPlatforms) = postSolution
		{FAF7562A-A3E7-4C14-974B-4A817C837AB3}.Debug|Any CPU.ActiveCfg = Debug|Any CPU
		{FAF7562A-A3E7-4C14-974B-4A817C837AB3}.Debug|Any CPU.Build.0 = Debug|Any CPU
		{FAF7562A-A3E7-4C14-974B-4A817C837AB3}.Release|Any CPU.ActiveCfg = Release|Any CPU
		{FAF7562A-A3E7-4C14-974B-4A817C837AB3}.Release|Any CPU.Build.0 = Release|Any CPU
		{C253FD8E-69DD-441D-ADAA-B84293424D8F}.Debug|Any CPU.ActiveCfg = Debug
		{C253FD8E-69DD-441D-ADAA-B84293424D8F}.Debug|Any CPU.Build.0 = Debug
		{C253FD8E-69DD-441D-ADAA-B84293424D8F}.Release|Any CPU.ActiveCfg = Release
		{C253FD8E-69DD-441D-ADAA-B84293424D8F}.Release|Any CPU.Build.0 = Release
	EndGlobalSection
	GlobalSection(SolutionProperties) = preSolution
		HideSolutionNode = FALSE
	EndGlobalSection
EndGlobal
