
Microsoft Visual Studio Solution File, Format Version 10.00
# Visual Studio 2008
Project("{54435603-DBB4-11D2-8724-00A0C9A8B90C}") = "AnalysisToolSet", "AnalysisToolSet.vdproj", "{03959953-DB36-4FAE-BC3F-FC347E37D965}"
	ProjectSection(ProjectDependencies) = postProject
		{FAF7562A-A3E7-4C14-974B-4A817C837AB3} = {FAF7562A-A3E7-4C14-974B-4A817C837AB3}
		{63F72C7C-34AF-4F41-8F05-8BAD775F5E18} = {63F72C7C-34AF-4F41-8F05-8BAD775F5E18}
		{A802BA7E-E0FF-4808-AB53-771A4D639AC8} = {A802BA7E-E0FF-4808-AB53-771A4D639AC8}
		{ED4FB7A5-7F27-4C5A-9F78-718CD2CAF3BA} = {ED4FB7A5-7F27-4C5A-9F78-718CD2CAF3BA}
	EndProjectSection
EndProject
Project("{FAE04EC0-301F-11D3-BF4B-00C04F79EFBC}") = "AddinUtility", "..\AddinUtility\AddinUtility.csproj", "{3D8CE75A-DD46-42C9-86A0-E233BA8F102B}"
EndProject
Project("{FAE04EC0-301F-11D3-BF4B-00C04F79EFBC}") = "ExcelUtility", "..\ExcelUtility\ExcelUtility.csproj", "{17AB828E-BC1A-4613-83DE-5A021BAAAA4D}"
EndProject
Project("{FAE04EC0-301F-11D3-BF4B-00C04F79EFBC}") = "AccessImporter", "..\AccessImporter\AccessImporter.csproj", "{A802BA7E-E0FF-4808-AB53-771A4D639AC8}"
	ProjectSection(ProjectDependencies) = postProject
		{F24FF212-90BB-479E-9B88-34AB02A88FC7} = {F24FF212-90BB-479E-9B88-34AB02A88FC7}
		{3D8CE75A-DD46-42C9-86A0-E233BA8F102B} = {3D8CE75A-DD46-42C9-86A0-E233BA8F102B}
	EndProjectSection
EndProject
Project("{8BC9CEB8-8B4A-11D0-8D11-00A0C91BC942}") = "DatabaseConverter", "..\DatabaseConverter\DatabaseConverter.vcproj", "{F24FF212-90BB-479E-9B88-34AB02A88FC7}"
EndProject
Project("{8BC9CEB8-8B4A-11D0-8D11-00A0C91BC942}") = "DatalogProcessor", "..\DatalogProcessor\DatalogProcessor.vcproj", "{ED4FB7A5-7F27-4C5A-9F78-718CD2CAF3BA}"
	ProjectSection(ProjectDependencies) = postProject
		{F24FF212-90BB-479E-9B88-34AB02A88FC7} = {F24FF212-90BB-479E-9B88-34AB02A88FC7}
	EndProjectSection
EndProject
Project("{FAE04EC0-301F-11D3-BF4B-00C04F79EFBC}") = "ExcelFormater", "..\ExcelFormater\ExcelFormater.csproj", "{63F72C7C-34AF-4F41-8F05-8BAD775F5E18}"
	ProjectSection(ProjectDependencies) = postProject
		{3D8CE75A-DD46-42C9-86A0-E233BA8F102B} = {3D8CE75A-DD46-42C9-86A0-E233BA8F102B}
		{17AB828E-BC1A-4613-83DE-5A021BAAAA4D} = {17AB828E-BC1A-4613-83DE-5A021BAAAA4D}
	EndProjectSection
EndProject
Project("{FAE04EC0-301F-11D3-BF4B-00C04F79EFBC}") = "ExcelSearch", "..\ExcelSearch\ExcelSearch.csproj", "{FAF7562A-A3E7-4C14-974B-4A817C837AB3}"
	ProjectSection(ProjectDependencies) = postProject
		{3D8CE75A-DD46-42C9-86A0-E233BA8F102B} = {3D8CE75A-DD46-42C9-86A0-E233BA8F102B}
		{17AB828E-BC1A-4613-83DE-5A021BAAAA4D} = {17AB828E-BC1A-4613-83DE-5A021BAAAA4D}
	EndProjectSection
EndProject
Project("{FAE04EC0-301F-11D3-BF4B-00C04F79EFBC}") = "ExcelFill", "..\ExcelFill\ExcelFill.csproj", "{B2399D5B-E732-4D58-89B9-B4C226D0A874}"
EndProject
Project("{FAE04EC0-301F-11D3-BF4B-00C04F79EFBC}") = "ExcelQuery", "..\ExcelQuery\ExcelQuery.csproj", "{FCE7DCB3-31D9-4DC9-8BDD-8EE206F234E5}"
EndProject
Project("{FAE04EC0-301F-11D3-BF4B-00C04F79EFBC}") = "DatalogLauncher", "..\DatalogLauncher\DatalogLauncher.csproj", "{066BD5DF-9872-4FF8-BDC9-6561A7E45FF4}"
EndProject
Global
	GlobalSection(SolutionConfigurationPlatforms) = preSolution
		Debug Dll|Any CPU = Debug Dll|Any CPU
		Debug Dll|Mixed Platforms = Debug Dll|Mixed Platforms
		Debug Dll|Win32 = Debug Dll|Win32
		Debug Mng Dll|Any CPU = Debug Mng Dll|Any CPU
		Debug Mng Dll|Mixed Platforms = Debug Mng Dll|Mixed Platforms
		Debug Mng Dll|Win32 = Debug Mng Dll|Win32
		Debug|Any CPU = Debug|Any CPU
		Debug|Mixed Platforms = Debug|Mixed Platforms
		Debug|Win32 = Debug|Win32
		Release Dll|Any CPU = Release Dll|Any CPU
		Release Dll|Mixed Platforms = Release Dll|Mixed Platforms
		Release Dll|Win32 = Release Dll|Win32
		Release Mng Dll|Any CPU = Release Mng Dll|Any CPU
		Release Mng Dll|Mixed Platforms = Release Mng Dll|Mixed Platforms
		Release Mng Dll|Win32 = Release Mng Dll|Win32
		Release|Any CPU = Release|Any CPU
		Release|Mixed Platforms = Release|Mixed Platforms
		Release|Win32 = Release|Win32
	EndGlobalSection
	GlobalSection(ProjectConfigurationPlatforms) = postSolution
		{03959953-DB36-4FAE-BC3F-FC347E37D965}.Debug Dll|Any CPU.ActiveCfg = Debug
		{03959953-DB36-4FAE-BC3F-FC347E37D965}.Debug Dll|Any CPU.Build.0 = Debug
		{03959953-DB36-4FAE-BC3F-FC347E37D965}.Debug Dll|Mixed Platforms.ActiveCfg = Debug
		{03959953-DB36-4FAE-BC3F-FC347E37D965}.Debug Dll|Mixed Platforms.Build.0 = Debug
		{03959953-DB36-4FAE-BC3F-FC347E37D965}.Debug Dll|Win32.ActiveCfg = Debug
		{03959953-DB36-4FAE-BC3F-FC347E37D965}.Debug Dll|Win32.Build.0 = Debug
		{03959953-DB36-4FAE-BC3F-FC347E37D965}.Debug Mng Dll|Any CPU.ActiveCfg = Debug
		{03959953-DB36-4FAE-BC3F-FC347E37D965}.Debug Mng Dll|Any CPU.Build.0 = Debug
		{03959953-DB36-4FAE-BC3F-FC347E37D965}.Debug Mng Dll|Mixed Platforms.ActiveCfg = Debug
		{03959953-DB36-4FAE-BC3F-FC347E37D965}.Debug Mng Dll|Mixed Platforms.Build.0 = Debug
		{03959953-DB36-4FAE-BC3F-FC347E37D965}.Debug Mng Dll|Win32.ActiveCfg = Debug
		{03959953-DB36-4FAE-BC3F-FC347E37D965}.Debug Mng Dll|Win32.Build.0 = Debug
		{03959953-DB36-4FAE-BC3F-FC347E37D965}.Debug|Any CPU.ActiveCfg = Debug
		{03959953-DB36-4FAE-BC3F-FC347E37D965}.Debug|Any CPU.Build.0 = Debug
		{03959953-DB36-4FAE-BC3F-FC347E37D965}.Debug|Mixed Platforms.ActiveCfg = Debug
		{03959953-DB36-4FAE-BC3F-FC347E37D965}.Debug|Mixed Platforms.Build.0 = Debug
		{03959953-DB36-4FAE-BC3F-FC347E37D965}.Debug|Win32.ActiveCfg = Debug
		{03959953-DB36-4FAE-BC3F-FC347E37D965}.Debug|Win32.Build.0 = Debug
		{03959953-DB36-4FAE-BC3F-FC347E37D965}.Release Dll|Any CPU.ActiveCfg = Release
		{03959953-DB36-4FAE-BC3F-FC347E37D965}.Release Dll|Any CPU.Build.0 = Release
		{03959953-DB36-4FAE-BC3F-FC347E37D965}.Release Dll|Mixed Platforms.ActiveCfg = Release
		{03959953-DB36-4FAE-BC3F-FC347E37D965}.Release Dll|Mixed Platforms.Build.0 = Release
		{03959953-DB36-4FAE-BC3F-FC347E37D965}.Release Dll|Win32.ActiveCfg = Release
		{03959953-DB36-4FAE-BC3F-FC347E37D965}.Release Dll|Win32.Build.0 = Release
		{03959953-DB36-4FAE-BC3F-FC347E37D965}.Release Mng Dll|Any CPU.ActiveCfg = Release
		{03959953-DB36-4FAE-BC3F-FC347E37D965}.Release Mng Dll|Any CPU.Build.0 = Release
		{03959953-DB36-4FAE-BC3F-FC347E37D965}.Release Mng Dll|Mixed Platforms.ActiveCfg = Release
		{03959953-DB36-4FAE-BC3F-FC347E37D965}.Release Mng Dll|Mixed Platforms.Build.0 = Release
		{03959953-DB36-4FAE-BC3F-FC347E37D965}.Release Mng Dll|Win32.ActiveCfg = Release
		{03959953-DB36-4FAE-BC3F-FC347E37D965}.Release Mng Dll|Win32.Build.0 = Release
		{03959953-DB36-4FAE-BC3F-FC347E37D965}.Release|Any CPU.ActiveCfg = Release
		{03959953-DB36-4FAE-BC3F-FC347E37D965}.Release|Any CPU.Build.0 = Release
		{03959953-DB36-4FAE-BC3F-FC347E37D965}.Release|Mixed Platforms.ActiveCfg = Release
		{03959953-DB36-4FAE-BC3F-FC347E37D965}.Release|Mixed Platforms.Build.0 = Release
		{03959953-DB36-4FAE-BC3F-FC347E37D965}.Release|Win32.ActiveCfg = Release
		{03959953-DB36-4FAE-BC3F-FC347E37D965}.Release|Win32.Build.0 = Release
		{3D8CE75A-DD46-42C9-86A0-E233BA8F102B}.Debug Dll|Any CPU.ActiveCfg = Debug|Any CPU
		{3D8CE75A-DD46-42C9-86A0-E233BA8F102B}.Debug Dll|Any CPU.Build.0 = Debug|Any CPU
		{3D8CE75A-DD46-42C9-86A0-E233BA8F102B}.Debug Dll|Mixed Platforms.ActiveCfg = Debug|Any CPU
		{3D8CE75A-DD46-42C9-86A0-E233BA8F102B}.Debug Dll|Mixed Platforms.Build.0 = Debug|Any CPU
		{3D8CE75A-DD46-42C9-86A0-E233BA8F102B}.Debug Dll|Win32.ActiveCfg = Debug|Any CPU
		{3D8CE75A-DD46-42C9-86A0-E233BA8F102B}.Debug Mng Dll|Any CPU.ActiveCfg = Debug|Any CPU
		{3D8CE75A-DD46-42C9-86A0-E233BA8F102B}.Debug Mng Dll|Any CPU.Build.0 = Debug|Any CPU
		{3D8CE75A-DD46-42C9-86A0-E233BA8F102B}.Debug Mng Dll|Mixed Platforms.ActiveCfg = Debug|Any CPU
		{3D8CE75A-DD46-42C9-86A0-E233BA8F102B}.Debug Mng Dll|Mixed Platforms.Build.0 = Debug|Any CPU
		{3D8CE75A-DD46-42C9-86A0-E233BA8F102B}.Debug Mng Dll|Win32.ActiveCfg = Debug|Any CPU
		{3D8CE75A-DD46-42C9-86A0-E233BA8F102B}.Debug|Any CPU.ActiveCfg = Debug|Any CPU
		{3D8CE75A-DD46-42C9-86A0-E233BA8F102B}.Debug|Any CPU.Build.0 = Debug|Any CPU
		{3D8CE75A-DD46-42C9-86A0-E233BA8F102B}.Debug|Mixed Platforms.ActiveCfg = Debug|Any CPU
		{3D8CE75A-DD46-42C9-86A0-E233BA8F102B}.Debug|Mixed Platforms.Build.0 = Debug|Any CPU
		{3D8CE75A-DD46-42C9-86A0-E233BA8F102B}.Debug|Win32.ActiveCfg = Debug|Any CPU
		{3D8CE75A-DD46-42C9-86A0-E233BA8F102B}.Release Dll|Any CPU.ActiveCfg = Release|Any CPU
		{3D8CE75A-DD46-42C9-86A0-E233BA8F102B}.Release Dll|Any CPU.Build.0 = Release|Any CPU
		{3D8CE75A-DD46-42C9-86A0-E233BA8F102B}.Release Dll|Mixed Platforms.ActiveCfg = Release|Any CPU
		{3D8CE75A-DD46-42C9-86A0-E233BA8F102B}.Release Dll|Mixed Platforms.Build.0 = Release|Any CPU
		{3D8CE75A-DD46-42C9-86A0-E233BA8F102B}.Release Dll|Win32.ActiveCfg = Release|Any CPU
		{3D8CE75A-DD46-42C9-86A0-E233BA8F102B}.Release Mng Dll|Any CPU.ActiveCfg = Release|Any CPU
		{3D8CE75A-DD46-42C9-86A0-E233BA8F102B}.Release Mng Dll|Any CPU.Build.0 = Release|Any CPU
		{3D8CE75A-DD46-42C9-86A0-E233BA8F102B}.Release Mng Dll|Mixed Platforms.ActiveCfg = Release|Any CPU
		{3D8CE75A-DD46-42C9-86A0-E233BA8F102B}.Release Mng Dll|Mixed Platforms.Build.0 = Release|Any CPU
		{3D8CE75A-DD46-42C9-86A0-E233BA8F102B}.Release Mng Dll|Win32.ActiveCfg = Release|Any CPU
		{3D8CE75A-DD46-42C9-86A0-E233BA8F102B}.Release|Any CPU.ActiveCfg = Release|Any CPU
		{3D8CE75A-DD46-42C9-86A0-E233BA8F102B}.Release|Any CPU.Build.0 = Release|Any CPU
		{3D8CE75A-DD46-42C9-86A0-E233BA8F102B}.Release|Mixed Platforms.ActiveCfg = Release|Any CPU
		{3D8CE75A-DD46-42C9-86A0-E233BA8F102B}.Release|Mixed Platforms.Build.0 = Release|Any CPU
		{3D8CE75A-DD46-42C9-86A0-E233BA8F102B}.Release|Win32.ActiveCfg = Release|Any CPU
		{17AB828E-BC1A-4613-83DE-5A021BAAAA4D}.Debug Dll|Any CPU.ActiveCfg = Debug|Any CPU
		{17AB828E-BC1A-4613-83DE-5A021BAAAA4D}.Debug Dll|Any CPU.Build.0 = Debug|Any CPU
		{17AB828E-BC1A-4613-83DE-5A021BAAAA4D}.Debug Dll|Mixed Platforms.ActiveCfg = Debug|Any CPU
		{17AB828E-BC1A-4613-83DE-5A021BAAAA4D}.Debug Dll|Mixed Platforms.Build.0 = Debug|Any CPU
		{17AB828E-BC1A-4613-83DE-5A021BAAAA4D}.Debug Dll|Win32.ActiveCfg = Debug|Any CPU
		{17AB828E-BC1A-4613-83DE-5A021BAAAA4D}.Debug Mng Dll|Any CPU.ActiveCfg = Debug|Any CPU
		{17AB828E-BC1A-4613-83DE-5A021BAAAA4D}.Debug Mng Dll|Any CPU.Build.0 = Debug|Any CPU
		{17AB828E-BC1A-4613-83DE-5A021BAAAA4D}.Debug Mng Dll|Mixed Platforms.ActiveCfg = Debug|Any CPU
		{17AB828E-BC1A-4613-83DE-5A021BAAAA4D}.Debug Mng Dll|Mixed Platforms.Build.0 = Debug|Any CPU
		{17AB828E-BC1A-4613-83DE-5A021BAAAA4D}.Debug Mng Dll|Win32.ActiveCfg = Debug|Any CPU
		{17AB828E-BC1A-4613-83DE-5A021BAAAA4D}.Debug|Any CPU.ActiveCfg = Debug|Any CPU
		{17AB828E-BC1A-4613-83DE-5A021BAAAA4D}.Debug|Any CPU.Build.0 = Debug|Any CPU
		{17AB828E-BC1A-4613-83DE-5A021BAAAA4D}.Debug|Mixed Platforms.ActiveCfg = Debug|Any CPU
		{17AB828E-BC1A-4613-83DE-5A021BAAAA4D}.Debug|Mixed Platforms.Build.0 = Debug|Any CPU
		{17AB828E-BC1A-4613-83DE-5A021BAAAA4D}.Debug|Win32.ActiveCfg = Debug|Any CPU
		{17AB828E-BC1A-4613-83DE-5A021BAAAA4D}.Release Dll|Any CPU.ActiveCfg = Release|Any CPU
		{17AB828E-BC1A-4613-83DE-5A021BAAAA4D}.Release Dll|Any CPU.Build.0 = Release|Any CPU
		{17AB828E-BC1A-4613-83DE-5A021BAAAA4D}.Release Dll|Mixed Platforms.ActiveCfg = Release|Any CPU
		{17AB828E-BC1A-4613-83DE-5A021BAAAA4D}.Release Dll|Mixed Platforms.Build.0 = Release|Any CPU
		{17AB828E-BC1A-4613-83DE-5A021BAAAA4D}.Release Dll|Win32.ActiveCfg = Release|Any CPU
		{17AB828E-BC1A-4613-83DE-5A021BAAAA4D}.Release Mng Dll|Any CPU.ActiveCfg = Release|Any CPU
		{17AB828E-BC1A-4613-83DE-5A021BAAAA4D}.Release Mng Dll|Any CPU.Build.0 = Release|Any CPU
		{17AB828E-BC1A-4613-83DE-5A021BAAAA4D}.Release Mng Dll|Mixed Platforms.ActiveCfg = Release|Any CPU
		{17AB828E-BC1A-4613-83DE-5A021BAAAA4D}.Release Mng Dll|Mixed Platforms.Build.0 = Release|Any CPU
		{17AB828E-BC1A-4613-83DE-5A021BAAAA4D}.Release Mng Dll|Win32.ActiveCfg = Release|Any CPU
		{17AB828E-BC1A-4613-83DE-5A021BAAAA4D}.Release|Any CPU.ActiveCfg = Release|Any CPU
		{17AB828E-BC1A-4613-83DE-5A021BAAAA4D}.Release|Any CPU.Build.0 = Release|Any CPU
		{17AB828E-BC1A-4613-83DE-5A021BAAAA4D}.Release|Mixed Platforms.ActiveCfg = Release|Any CPU
		{17AB828E-BC1A-4613-83DE-5A021BAAAA4D}.Release|Mixed Platforms.Build.0 = Release|Any CPU
		{17AB828E-BC1A-4613-83DE-5A021BAAAA4D}.Release|Win32.ActiveCfg = Release|Any CPU
		{A802BA7E-E0FF-4808-AB53-771A4D639AC8}.Debug Dll|Any CPU.ActiveCfg = Debug|Any CPU
		{A802BA7E-E0FF-4808-AB53-771A4D639AC8}.Debug Dll|Any CPU.Build.0 = Debug|Any CPU
		{A802BA7E-E0FF-4808-AB53-771A4D639AC8}.Debug Dll|Mixed Platforms.ActiveCfg = Debug|Any CPU
		{A802BA7E-E0FF-4808-AB53-771A4D639AC8}.Debug Dll|Mixed Platforms.Build.0 = Debug|Any CPU
		{A802BA7E-E0FF-4808-AB53-771A4D639AC8}.Debug Dll|Win32.ActiveCfg = Debug|Any CPU
		{A802BA7E-E0FF-4808-AB53-771A4D639AC8}.Debug Mng Dll|Any CPU.ActiveCfg = Debug|Any CPU
		{A802BA7E-E0FF-4808-AB53-771A4D639AC8}.Debug Mng Dll|Any CPU.Build.0 = Debug|Any CPU
		{A802BA7E-E0FF-4808-AB53-771A4D639AC8}.Debug Mng Dll|Mixed Platforms.ActiveCfg = Debug|Any CPU
		{A802BA7E-E0FF-4808-AB53-771A4D639AC8}.Debug Mng Dll|Mixed Platforms.Build.0 = Debug|Any CPU
		{A802BA7E-E0FF-4808-AB53-771A4D639AC8}.Debug Mng Dll|Win32.ActiveCfg = Debug|Any CPU
		{A802BA7E-E0FF-4808-AB53-771A4D639AC8}.Debug|Any CPU.ActiveCfg = Debug|Any CPU
		{A802BA7E-E0FF-4808-AB53-771A4D639AC8}.Debug|Any CPU.Build.0 = Debug|Any CPU
		{A802BA7E-E0FF-4808-AB53-771A4D639AC8}.Debug|Mixed Platforms.ActiveCfg = Debug|Any CPU
		{A802BA7E-E0FF-4808-AB53-771A4D639AC8}.Debug|Mixed Platforms.Build.0 = Debug|Any CPU
		{A802BA7E-E0FF-4808-AB53-771A4D639AC8}.Debug|Win32.ActiveCfg = Debug|Any CPU
		{A802BA7E-E0FF-4808-AB53-771A4D639AC8}.Release Dll|Any CPU.ActiveCfg = Release|Any CPU
		{A802BA7E-E0FF-4808-AB53-771A4D639AC8}.Release Dll|Any CPU.Build.0 = Release|Any CPU
		{A802BA7E-E0FF-4808-AB53-771A4D639AC8}.Release Dll|Mixed Platforms.ActiveCfg = Release|Any CPU
		{A802BA7E-E0FF-4808-AB53-771A4D639AC8}.Release Dll|Mixed Platforms.Build.0 = Release|Any CPU
		{A802BA7E-E0FF-4808-AB53-771A4D639AC8}.Release Dll|Win32.ActiveCfg = Release|Any CPU
		{A802BA7E-E0FF-4808-AB53-771A4D639AC8}.Release Mng Dll|Any CPU.ActiveCfg = Release|Any CPU
		{A802BA7E-E0FF-4808-AB53-771A4D639AC8}.Release Mng Dll|Any CPU.Build.0 = Release|Any CPU
		{A802BA7E-E0FF-4808-AB53-771A4D639AC8}.Release Mng Dll|Mixed Platforms.ActiveCfg = Release|Any CPU
		{A802BA7E-E0FF-4808-AB53-771A4D639AC8}.Release Mng Dll|Mixed Platforms.Build.0 = Release|Any CPU
		{A802BA7E-E0FF-4808-AB53-771A4D639AC8}.Release Mng Dll|Win32.ActiveCfg = Release|Any CPU
		{A802BA7E-E0FF-4808-AB53-771A4D639AC8}.Release|Any CPU.ActiveCfg = Release|Any CPU
		{A802BA7E-E0FF-4808-AB53-771A4D639AC8}.Release|Any CPU.Build.0 = Release|Any CPU
		{A802BA7E-E0FF-4808-AB53-771A4D639AC8}.Release|Mixed Platforms.ActiveCfg = Release|Any CPU
		{A802BA7E-E0FF-4808-AB53-771A4D639AC8}.Release|Mixed Platforms.Build.0 = Release|Any CPU
		{A802BA7E-E0FF-4808-AB53-771A4D639AC8}.Release|Win32.ActiveCfg = Release|Any CPU
		{F24FF212-90BB-479E-9B88-34AB02A88FC7}.Debug Dll|Any CPU.ActiveCfg = Debug Dll|Win32
		{F24FF212-90BB-479E-9B88-34AB02A88FC7}.Debug Dll|Mixed Platforms.ActiveCfg = Debug Dll|Win32
		{F24FF212-90BB-479E-9B88-34AB02A88FC7}.Debug Dll|Mixed Platforms.Build.0 = Debug Dll|Win32
		{F24FF212-90BB-479E-9B88-34AB02A88FC7}.Debug Dll|Win32.ActiveCfg = Debug Dll|Win32
		{F24FF212-90BB-479E-9B88-34AB02A88FC7}.Debug Dll|Win32.Build.0 = Debug Dll|Win32
		{F24FF212-90BB-479E-9B88-34AB02A88FC7}.Debug Mng Dll|Any CPU.ActiveCfg = Debug Mng Dll|Win32
		{F24FF212-90BB-479E-9B88-34AB02A88FC7}.Debug Mng Dll|Mixed Platforms.ActiveCfg = Debug Mng Dll|Win32
		{F24FF212-90BB-479E-9B88-34AB02A88FC7}.Debug Mng Dll|Mixed Platforms.Build.0 = Debug Mng Dll|Win32
		{F24FF212-90BB-479E-9B88-34AB02A88FC7}.Debug Mng Dll|Win32.ActiveCfg = Debug Mng Dll|Win32
		{F24FF212-90BB-479E-9B88-34AB02A88FC7}.Debug Mng Dll|Win32.Build.0 = Debug Mng Dll|Win32
		{F24FF212-90BB-479E-9B88-34AB02A88FC7}.Debug|Any CPU.ActiveCfg = Debug|Win32
		{F24FF212-90BB-479E-9B88-34AB02A88FC7}.Debug|Mixed Platforms.ActiveCfg = Debug|Win32
		{F24FF212-90BB-479E-9B88-34AB02A88FC7}.Debug|Mixed Platforms.Build.0 = Debug|Win32
		{F24FF212-90BB-479E-9B88-34AB02A88FC7}.Debug|Win32.ActiveCfg = Debug|Win32
		{F24FF212-90BB-479E-9B88-34AB02A88FC7}.Debug|Win32.Build.0 = Debug|Win32
		{F24FF212-90BB-479E-9B88-34AB02A88FC7}.Release Dll|Any CPU.ActiveCfg = Release Dll|Win32
		{F24FF212-90BB-479E-9B88-34AB02A88FC7}.Release Dll|Mixed Platforms.ActiveCfg = Release Dll|Win32
		{F24FF212-90BB-479E-9B88-34AB02A88FC7}.Release Dll|Mixed Platforms.Build.0 = Release Dll|Win32
		{F24FF212-90BB-479E-9B88-34AB02A88FC7}.Release Dll|Win32.ActiveCfg = Release Dll|Win32
		{F24FF212-90BB-479E-9B88-34AB02A88FC7}.Release Dll|Win32.Build.0 = Release Dll|Win32
		{F24FF212-90BB-479E-9B88-34AB02A88FC7}.Release Mng Dll|Any CPU.ActiveCfg = Release Mng Dll|Win32
		{F24FF212-90BB-479E-9B88-34AB02A88FC7}.Release Mng Dll|Mixed Platforms.ActiveCfg = Release Mng Dll|Win32
		{F24FF212-90BB-479E-9B88-34AB02A88FC7}.Release Mng Dll|Mixed Platforms.Build.0 = Release Mng Dll|Win32
		{F24FF212-90BB-479E-9B88-34AB02A88FC7}.Release Mng Dll|Win32.ActiveCfg = Release Mng Dll|Win32
		{F24FF212-90BB-479E-9B88-34AB02A88FC7}.Release Mng Dll|Win32.Build.0 = Release Mng Dll|Win32
		{F24FF212-90BB-479E-9B88-34AB02A88FC7}.Release|Any CPU.ActiveCfg = Release|Win32
		{F24FF212-90BB-479E-9B88-34AB02A88FC7}.Release|Mixed Platforms.ActiveCfg = Release|Win32
		{F24FF212-90BB-479E-9B88-34AB02A88FC7}.Release|Mixed Platforms.Build.0 = Release|Win32
		{F24FF212-90BB-479E-9B88-34AB02A88FC7}.Release|Win32.ActiveCfg = Release|Win32
		{F24FF212-90BB-479E-9B88-34AB02A88FC7}.Release|Win32.Build.0 = Release|Win32
		{ED4FB7A5-7F27-4C5A-9F78-718CD2CAF3BA}.Debug Dll|Any CPU.ActiveCfg = Debug|Win32
		{ED4FB7A5-7F27-4C5A-9F78-718CD2CAF3BA}.Debug Dll|Mixed Platforms.ActiveCfg = Debug|Win32
		{ED4FB7A5-7F27-4C5A-9F78-718CD2CAF3BA}.Debug Dll|Mixed Platforms.Build.0 = Debug|Win32
		{ED4FB7A5-7F27-4C5A-9F78-718CD2CAF3BA}.Debug Dll|Win32.ActiveCfg = Debug|Win32
		{ED4FB7A5-7F27-4C5A-9F78-718CD2CAF3BA}.Debug Dll|Win32.Build.0 = Debug|Win32
		{ED4FB7A5-7F27-4C5A-9F78-718CD2CAF3BA}.Debug Mng Dll|Any CPU.ActiveCfg = Debug|Win32
		{ED4FB7A5-7F27-4C5A-9F78-718CD2CAF3BA}.Debug Mng Dll|Mixed Platforms.ActiveCfg = Debug|Win32
		{ED4FB7A5-7F27-4C5A-9F78-718CD2CAF3BA}.Debug Mng Dll|Mixed Platforms.Build.0 = Debug|Win32
		{ED4FB7A5-7F27-4C5A-9F78-718CD2CAF3BA}.Debug Mng Dll|Win32.ActiveCfg = Debug|Win32
		{ED4FB7A5-7F27-4C5A-9F78-718CD2CAF3BA}.Debug Mng Dll|Win32.Build.0 = Debug|Win32
		{ED4FB7A5-7F27-4C5A-9F78-718CD2CAF3BA}.Debug|Any CPU.ActiveCfg = Debug|Win32
		{ED4FB7A5-7F27-4C5A-9F78-718CD2CAF3BA}.Debug|Mixed Platforms.ActiveCfg = Debug|Win32
		{ED4FB7A5-7F27-4C5A-9F78-718CD2CAF3BA}.Debug|Mixed Platforms.Build.0 = Debug|Win32
		{ED4FB7A5-7F27-4C5A-9F78-718CD2CAF3BA}.Debug|Win32.ActiveCfg = Debug|Win32
		{ED4FB7A5-7F27-4C5A-9F78-718CD2CAF3BA}.Debug|Win32.Build.0 = Debug|Win32
		{ED4FB7A5-7F27-4C5A-9F78-718CD2CAF3BA}.Release Dll|Any CPU.ActiveCfg = Release|Win32
		{ED4FB7A5-7F27-4C5A-9F78-718CD2CAF3BA}.Release Dll|Mixed Platforms.ActiveCfg = Release|Win32
		{ED4FB7A5-7F27-4C5A-9F78-718CD2CAF3BA}.Release Dll|Mixed Platforms.Build.0 = Release|Win32
		{ED4FB7A5-7F27-4C5A-9F78-718CD2CAF3BA}.Release Dll|Win32.ActiveCfg = Release|Win32
		{ED4FB7A5-7F27-4C5A-9F78-718CD2CAF3BA}.Release Dll|Win32.Build.0 = Release|Win32
		{ED4FB7A5-7F27-4C5A-9F78-718CD2CAF3BA}.Release Mng Dll|Any CPU.ActiveCfg = Release|Win32
		{ED4FB7A5-7F27-4C5A-9F78-718CD2CAF3BA}.Release Mng Dll|Mixed Platforms.ActiveCfg = Release|Win32
		{ED4FB7A5-7F27-4C5A-9F78-718CD2CAF3BA}.Release Mng Dll|Mixed Platforms.Build.0 = Release|Win32
		{ED4FB7A5-7F27-4C5A-9F78-718CD2CAF3BA}.Release Mng Dll|Win32.ActiveCfg = Release|Win32
		{ED4FB7A5-7F27-4C5A-9F78-718CD2CAF3BA}.Release Mng Dll|Win32.Build.0 = Release|Win32
		{ED4FB7A5-7F27-4C5A-9F78-718CD2CAF3BA}.Release|Any CPU.ActiveCfg = Release|Win32
		{ED4FB7A5-7F27-4C5A-9F78-718CD2CAF3BA}.Release|Mixed Platforms.ActiveCfg = Release|Win32
		{ED4FB7A5-7F27-4C5A-9F78-718CD2CAF3BA}.Release|Mixed Platforms.Build.0 = Release|Win32
		{ED4FB7A5-7F27-4C5A-9F78-718CD2CAF3BA}.Release|Win32.ActiveCfg = Release|Win32
		{ED4FB7A5-7F27-4C5A-9F78-718CD2CAF3BA}.Release|Win32.Build.0 = Release|Win32
		{63F72C7C-34AF-4F41-8F05-8BAD775F5E18}.Debug Dll|Any CPU.ActiveCfg = Debug|Any CPU
		{63F72C7C-34AF-4F41-8F05-8BAD775F5E18}.Debug Dll|Any CPU.Build.0 = Debug|Any CPU
		{63F72C7C-34AF-4F41-8F05-8BAD775F5E18}.Debug Dll|Mixed Platforms.ActiveCfg = Debug|Any CPU
		{63F72C7C-34AF-4F41-8F05-8BAD775F5E18}.Debug Dll|Mixed Platforms.Build.0 = Debug|Any CPU
		{63F72C7C-34AF-4F41-8F05-8BAD775F5E18}.Debug Dll|Win32.ActiveCfg = Debug|Any CPU
		{63F72C7C-34AF-4F41-8F05-8BAD775F5E18}.Debug Mng Dll|Any CPU.ActiveCfg = Debug|Any CPU
		{63F72C7C-34AF-4F41-8F05-8BAD775F5E18}.Debug Mng Dll|Any CPU.Build.0 = Debug|Any CPU
		{63F72C7C-34AF-4F41-8F05-8BAD775F5E18}.Debug Mng Dll|Mixed Platforms.ActiveCfg = Debug|Any CPU
		{63F72C7C-34AF-4F41-8F05-8BAD775F5E18}.Debug Mng Dll|Mixed Platforms.Build.0 = Debug|Any CPU
		{63F72C7C-34AF-4F41-8F05-8BAD775F5E18}.Debug Mng Dll|Win32.ActiveCfg = Debug|Any CPU
		{63F72C7C-34AF-4F41-8F05-8BAD775F5E18}.Debug|Any CPU.ActiveCfg = Debug|Any CPU
		{63F72C7C-34AF-4F41-8F05-8BAD775F5E18}.Debug|Any CPU.Build.0 = Debug|Any CPU
		{63F72C7C-34AF-4F41-8F05-8BAD775F5E18}.Debug|Mixed Platforms.ActiveCfg = Debug|Any CPU
		{63F72C7C-34AF-4F41-8F05-8BAD775F5E18}.Debug|Mixed Platforms.Build.0 = Debug|Any CPU
		{63F72C7C-34AF-4F41-8F05-8BAD775F5E18}.Debug|Win32.ActiveCfg = Debug|Any CPU
		{63F72C7C-34AF-4F41-8F05-8BAD775F5E18}.Release Dll|Any CPU.ActiveCfg = Release|Any CPU
		{63F72C7C-34AF-4F41-8F05-8BAD775F5E18}.Release Dll|Any CPU.Build.0 = Release|Any CPU
		{63F72C7C-34AF-4F41-8F05-8BAD775F5E18}.Release Dll|Mixed Platforms.ActiveCfg = Release|Any CPU
		{63F72C7C-34AF-4F41-8F05-8BAD775F5E18}.Release Dll|Mixed Platforms.Build.0 = Release|Any CPU
		{63F72C7C-34AF-4F41-8F05-8BAD775F5E18}.Release Dll|Win32.ActiveCfg = Release|Any CPU
		{63F72C7C-34AF-4F41-8F05-8BAD775F5E18}.Release Mng Dll|Any CPU.ActiveCfg = Release|Any CPU
		{63F72C7C-34AF-4F41-8F05-8BAD775F5E18}.Release Mng Dll|Any CPU.Build.0 = Release|Any CPU
		{63F72C7C-34AF-4F41-8F05-8BAD775F5E18}.Release Mng Dll|Mixed Platforms.ActiveCfg = Release|Any CPU
		{63F72C7C-34AF-4F41-8F05-8BAD775F5E18}.Release Mng Dll|Mixed Platforms.Build.0 = Release|Any CPU
		{63F72C7C-34AF-4F41-8F05-8BAD775F5E18}.Release Mng Dll|Win32.ActiveCfg = Release|Any CPU
		{63F72C7C-34AF-4F41-8F05-8BAD775F5E18}.Release|Any CPU.ActiveCfg = Release|Any CPU
		{63F72C7C-34AF-4F41-8F05-8BAD775F5E18}.Release|Any CPU.Build.0 = Release|Any CPU
		{63F72C7C-34AF-4F41-8F05-8BAD775F5E18}.Release|Mixed Platforms.ActiveCfg = Release|Any CPU
		{63F72C7C-34AF-4F41-8F05-8BAD775F5E18}.Release|Mixed Platforms.Build.0 = Release|Any CPU
		{63F72C7C-34AF-4F41-8F05-8BAD775F5E18}.Release|Win32.ActiveCfg = Release|Any CPU
		{FAF7562A-A3E7-4C14-974B-4A817C837AB3}.Debug Dll|Any CPU.ActiveCfg = Debug|Any CPU
		{FAF7562A-A3E7-4C14-974B-4A817C837AB3}.Debug Dll|Any CPU.Build.0 = Debug|Any CPU
		{FAF7562A-A3E7-4C14-974B-4A817C837AB3}.Debug Dll|Mixed Platforms.ActiveCfg = Debug|Any CPU
		{FAF7562A-A3E7-4C14-974B-4A817C837AB3}.Debug Dll|Mixed Platforms.Build.0 = Debug|Any CPU
		{FAF7562A-A3E7-4C14-974B-4A817C837AB3}.Debug Dll|Win32.ActiveCfg = Debug|Any CPU
		{FAF7562A-A3E7-4C14-974B-4A817C837AB3}.Debug Mng Dll|Any CPU.ActiveCfg = Debug|Any CPU
		{FAF7562A-A3E7-4C14-974B-4A817C837AB3}.Debug Mng Dll|Any CPU.Build.0 = Debug|Any CPU
		{FAF7562A-A3E7-4C14-974B-4A817C837AB3}.Debug Mng Dll|Mixed Platforms.ActiveCfg = Debug|Any CPU
		{FAF7562A-A3E7-4C14-974B-4A817C837AB3}.Debug Mng Dll|Mixed Platforms.Build.0 = Debug|Any CPU
		{FAF7562A-A3E7-4C14-974B-4A817C837AB3}.Debug Mng Dll|Win32.ActiveCfg = Debug|Any CPU
		{FAF7562A-A3E7-4C14-974B-4A817C837AB3}.Debug|Any CPU.ActiveCfg = Debug|Any CPU
		{FAF7562A-A3E7-4C14-974B-4A817C837AB3}.Debug|Any CPU.Build.0 = Debug|Any CPU
		{FAF7562A-A3E7-4C14-974B-4A817C837AB3}.Debug|Mixed Platforms.ActiveCfg = Debug|Any CPU
		{FAF7562A-A3E7-4C14-974B-4A817C837AB3}.Debug|Mixed Platforms.Build.0 = Debug|Any CPU
		{FAF7562A-A3E7-4C14-974B-4A817C837AB3}.Debug|Win32.ActiveCfg = Debug|Any CPU
		{FAF7562A-A3E7-4C14-974B-4A817C837AB3}.Release Dll|Any CPU.ActiveCfg = Release|Any CPU
		{FAF7562A-A3E7-4C14-974B-4A817C837AB3}.Release Dll|Any CPU.Build.0 = Release|Any CPU
		{FAF7562A-A3E7-4C14-974B-4A817C837AB3}.Release Dll|Mixed Platforms.ActiveCfg = Release|Any CPU
		{FAF7562A-A3E7-4C14-974B-4A817C837AB3}.Release Dll|Mixed Platforms.Build.0 = Release|Any CPU
		{FAF7562A-A3E7-4C14-974B-4A817C837AB3}.Release Dll|Win32.ActiveCfg = Release|Any CPU
		{FAF7562A-A3E7-4C14-974B-4A817C837AB3}.Release Mng Dll|Any CPU.ActiveCfg = Release|Any CPU
		{FAF7562A-A3E7-4C14-974B-4A817C837AB3}.Release Mng Dll|Any CPU.Build.0 = Release|Any CPU
		{FAF7562A-A3E7-4C14-974B-4A817C837AB3}.Release Mng Dll|Mixed Platforms.ActiveCfg = Release|Any CPU
		{FAF7562A-A3E7-4C14-974B-4A817C837AB3}.Release Mng Dll|Mixed Platforms.Build.0 = Release|Any CPU
		{FAF7562A-A3E7-4C14-974B-4A817C837AB3}.Release Mng Dll|Win32.ActiveCfg = Release|Any CPU
		{FAF7562A-A3E7-4C14-974B-4A817C837AB3}.Release|Any CPU.ActiveCfg = Release|Any CPU
		{FAF7562A-A3E7-4C14-974B-4A817C837AB3}.Release|Any CPU.Build.0 = Release|Any CPU
		{FAF7562A-A3E7-4C14-974B-4A817C837AB3}.Release|Mixed Platforms.ActiveCfg = Release|Any CPU
		{FAF7562A-A3E7-4C14-974B-4A817C837AB3}.Release|Mixed Platforms.Build.0 = Release|Any CPU
		{FAF7562A-A3E7-4C14-974B-4A817C837AB3}.Release|Win32.ActiveCfg = Release|Any CPU
		{B2399D5B-E732-4D58-89B9-B4C226D0A874}.Debug Dll|Any CPU.ActiveCfg = Debug|Any CPU
		{B2399D5B-E732-4D58-89B9-B4C226D0A874}.Debug Dll|Any CPU.Build.0 = Debug|Any CPU
		{B2399D5B-E732-4D58-89B9-B4C226D0A874}.Debug Dll|Mixed Platforms.ActiveCfg = Debug|Any CPU
		{B2399D5B-E732-4D58-89B9-B4C226D0A874}.Debug Dll|Mixed Platforms.Build.0 = Debug|Any CPU
		{B2399D5B-E732-4D58-89B9-B4C226D0A874}.Debug Dll|Win32.ActiveCfg = Debug|Any CPU
		{B2399D5B-E732-4D58-89B9-B4C226D0A874}.Debug Mng Dll|Any CPU.ActiveCfg = Debug|Any CPU
		{B2399D5B-E732-4D58-89B9-B4C226D0A874}.Debug Mng Dll|Any CPU.Build.0 = Debug|Any CPU
		{B2399D5B-E732-4D58-89B9-B4C226D0A874}.Debug Mng Dll|Mixed Platforms.ActiveCfg = Debug|Any CPU
		{B2399D5B-E732-4D58-89B9-B4C226D0A874}.Debug Mng Dll|Mixed Platforms.Build.0 = Debug|Any CPU
		{B2399D5B-E732-4D58-89B9-B4C226D0A874}.Debug Mng Dll|Win32.ActiveCfg = Debug|Any CPU
		{B2399D5B-E732-4D58-89B9-B4C226D0A874}.Debug|Any CPU.ActiveCfg = Debug|Any CPU
		{B2399D5B-E732-4D58-89B9-B4C226D0A874}.Debug|Any CPU.Build.0 = Debug|Any CPU
		{B2399D5B-E732-4D58-89B9-B4C226D0A874}.Debug|Mixed Platforms.ActiveCfg = Debug|Any CPU
		{B2399D5B-E732-4D58-89B9-B4C226D0A874}.Debug|Mixed Platforms.Build.0 = Debug|Any CPU
		{B2399D5B-E732-4D58-89B9-B4C226D0A874}.Debug|Win32.ActiveCfg = Debug|Any CPU
		{B2399D5B-E732-4D58-89B9-B4C226D0A874}.Release Dll|Any CPU.ActiveCfg = Release|Any CPU
		{B2399D5B-E732-4D58-89B9-B4C226D0A874}.Release Dll|Any CPU.Build.0 = Release|Any CPU
		{B2399D5B-E732-4D58-89B9-B4C226D0A874}.Release Dll|Mixed Platforms.ActiveCfg = Release|Any CPU
		{B2399D5B-E732-4D58-89B9-B4C226D0A874}.Release Dll|Mixed Platforms.Build.0 = Release|Any CPU
		{B2399D5B-E732-4D58-89B9-B4C226D0A874}.Release Dll|Win32.ActiveCfg = Release|Any CPU
		{B2399D5B-E732-4D58-89B9-B4C226D0A874}.Release Mng Dll|Any CPU.ActiveCfg = Release|Any CPU
		{B2399D5B-E732-4D58-89B9-B4C226D0A874}.Release Mng Dll|Any CPU.Build.0 = Release|Any CPU
		{B2399D5B-E732-4D58-89B9-B4C226D0A874}.Release Mng Dll|Mixed Platforms.ActiveCfg = Release|Any CPU
		{B2399D5B-E732-4D58-89B9-B4C226D0A874}.Release Mng Dll|Mixed Platforms.Build.0 = Release|Any CPU
		{B2399D5B-E732-4D58-89B9-B4C226D0A874}.Release Mng Dll|Win32.ActiveCfg = Release|Any CPU
		{B2399D5B-E732-4D58-89B9-B4C226D0A874}.Release|Any CPU.ActiveCfg = Release|Any CPU
		{B2399D5B-E732-4D58-89B9-B4C226D0A874}.Release|Any CPU.Build.0 = Release|Any CPU
		{B2399D5B-E732-4D58-89B9-B4C226D0A874}.Release|Mixed Platforms.ActiveCfg = Release|Any CPU
		{B2399D5B-E732-4D58-89B9-B4C226D0A874}.Release|Mixed Platforms.Build.0 = Release|Any CPU
		{B2399D5B-E732-4D58-89B9-B4C226D0A874}.Release|Win32.ActiveCfg = Release|Any CPU
		{FCE7DCB3-31D9-4DC9-8BDD-8EE206F234E5}.Debug Dll|Any CPU.ActiveCfg = Debug|Any CPU
		{FCE7DCB3-31D9-4DC9-8BDD-8EE206F234E5}.Debug Dll|Any CPU.Build.0 = Debug|Any CPU
		{FCE7DCB3-31D9-4DC9-8BDD-8EE206F234E5}.Debug Dll|Mixed Platforms.ActiveCfg = Debug|Any CPU
		{FCE7DCB3-31D9-4DC9-8BDD-8EE206F234E5}.Debug Dll|Mixed Platforms.Build.0 = Debug|Any CPU
		{FCE7DCB3-31D9-4DC9-8BDD-8EE206F234E5}.Debug Dll|Win32.ActiveCfg = Debug|Any CPU
		{FCE7DCB3-31D9-4DC9-8BDD-8EE206F234E5}.Debug Mng Dll|Any CPU.ActiveCfg = Debug|Any CPU
		{FCE7DCB3-31D9-4DC9-8BDD-8EE206F234E5}.Debug Mng Dll|Any CPU.Build.0 = Debug|Any CPU
		{FCE7DCB3-31D9-4DC9-8BDD-8EE206F234E5}.Debug Mng Dll|Mixed Platforms.ActiveCfg = Debug|Any CPU
		{FCE7DCB3-31D9-4DC9-8BDD-8EE206F234E5}.Debug Mng Dll|Mixed Platforms.Build.0 = Debug|Any CPU
		{FCE7DCB3-31D9-4DC9-8BDD-8EE206F234E5}.Debug Mng Dll|Win32.ActiveCfg = Debug|Any CPU
		{FCE7DCB3-31D9-4DC9-8BDD-8EE206F234E5}.Debug|Any CPU.ActiveCfg = Debug|Any CPU
		{FCE7DCB3-31D9-4DC9-8BDD-8EE206F234E5}.Debug|Any CPU.Build.0 = Debug|Any CPU
		{FCE7DCB3-31D9-4DC9-8BDD-8EE206F234E5}.Debug|Mixed Platforms.ActiveCfg = Debug|Any CPU
		{FCE7DCB3-31D9-4DC9-8BDD-8EE206F234E5}.Debug|Mixed Platforms.Build.0 = Debug|Any CPU
		{FCE7DCB3-31D9-4DC9-8BDD-8EE206F234E5}.Debug|Win32.ActiveCfg = Debug|Any CPU
		{FCE7DCB3-31D9-4DC9-8BDD-8EE206F234E5}.Release Dll|Any CPU.ActiveCfg = Release|Any CPU
		{FCE7DCB3-31D9-4DC9-8BDD-8EE206F234E5}.Release Dll|Any CPU.Build.0 = Release|Any CPU
		{FCE7DCB3-31D9-4DC9-8BDD-8EE206F234E5}.Release Dll|Mixed Platforms.ActiveCfg = Release|Any CPU
		{FCE7DCB3-31D9-4DC9-8BDD-8EE206F234E5}.Release Dll|Mixed Platforms.Build.0 = Release|Any CPU
		{FCE7DCB3-31D9-4DC9-8BDD-8EE206F234E5}.Release Dll|Win32.ActiveCfg = Release|Any CPU
		{FCE7DCB3-31D9-4DC9-8BDD-8EE206F234E5}.Release Mng Dll|Any CPU.ActiveCfg = Release|Any CPU
		{FCE7DCB3-31D9-4DC9-8BDD-8EE206F234E5}.Release Mng Dll|Any CPU.Build.0 = Release|Any CPU
		{FCE7DCB3-31D9-4DC9-8BDD-8EE206F234E5}.Release Mng Dll|Mixed Platforms.ActiveCfg = Release|Any CPU
		{FCE7DCB3-31D9-4DC9-8BDD-8EE206F234E5}.Release Mng Dll|Mixed Platforms.Build.0 = Release|Any CPU
		{FCE7DCB3-31D9-4DC9-8BDD-8EE206F234E5}.Release Mng Dll|Win32.ActiveCfg = Release|Any CPU
		{FCE7DCB3-31D9-4DC9-8BDD-8EE206F234E5}.Release|Any CPU.ActiveCfg = Release|Any CPU
		{FCE7DCB3-31D9-4DC9-8BDD-8EE206F234E5}.Release|Any CPU.Build.0 = Release|Any CPU
		{FCE7DCB3-31D9-4DC9-8BDD-8EE206F234E5}.Release|Mixed Platforms.ActiveCfg = Release|Any CPU
		{FCE7DCB3-31D9-4DC9-8BDD-8EE206F234E5}.Release|Mixed Platforms.Build.0 = Release|Any CPU
		{FCE7DCB3-31D9-4DC9-8BDD-8EE206F234E5}.Release|Win32.ActiveCfg = Release|Any CPU
		{066BD5DF-9872-4FF8-BDC9-6561A7E45FF4}.Debug Dll|Any CPU.ActiveCfg = Debug|Any CPU
		{066BD5DF-9872-4FF8-BDC9-6561A7E45FF4}.Debug Dll|Any CPU.Build.0 = Debug|Any CPU
		{066BD5DF-9872-4FF8-BDC9-6561A7E45FF4}.Debug Dll|Mixed Platforms.ActiveCfg = Debug|Any CPU
		{066BD5DF-9872-4FF8-BDC9-6561A7E45FF4}.Debug Dll|Mixed Platforms.Build.0 = Debug|Any CPU
		{066BD5DF-9872-4FF8-BDC9-6561A7E45FF4}.Debug Dll|Win32.ActiveCfg = Debug|Any CPU
		{066BD5DF-9872-4FF8-BDC9-6561A7E45FF4}.Debug Mng Dll|Any CPU.ActiveCfg = Debug|Any CPU
		{066BD5DF-9872-4FF8-BDC9-6561A7E45FF4}.Debug Mng Dll|Any CPU.Build.0 = Debug|Any CPU
		{066BD5DF-9872-4FF8-BDC9-6561A7E45FF4}.Debug Mng Dll|Mixed Platforms.ActiveCfg = Debug|Any CPU
		{066BD5DF-9872-4FF8-BDC9-6561A7E45FF4}.Debug Mng Dll|Mixed Platforms.Build.0 = Debug|Any CPU
		{066BD5DF-9872-4FF8-BDC9-6561A7E45FF4}.Debug Mng Dll|Win32.ActiveCfg = Debug|Any CPU
		{066BD5DF-9872-4FF8-BDC9-6561A7E45FF4}.Debug|Any CPU.ActiveCfg = Debug|Any CPU
		{066BD5DF-9872-4FF8-BDC9-6561A7E45FF4}.Debug|Any CPU.Build.0 = Debug|Any CPU
		{066BD5DF-9872-4FF8-BDC9-6561A7E45FF4}.Debug|Mixed Platforms.ActiveCfg = Debug|Any CPU
		{066BD5DF-9872-4FF8-BDC9-6561A7E45FF4}.Debug|Mixed Platforms.Build.0 = Debug|Any CPU
		{066BD5DF-9872-4FF8-BDC9-6561A7E45FF4}.Debug|Win32.ActiveCfg = Debug|Any CPU
		{066BD5DF-9872-4FF8-BDC9-6561A7E45FF4}.Release Dll|Any CPU.ActiveCfg = Release|Any CPU
		{066BD5DF-9872-4FF8-BDC9-6561A7E45FF4}.Release Dll|Any CPU.Build.0 = Release|Any CPU
		{066BD5DF-9872-4FF8-BDC9-6561A7E45FF4}.Release Dll|Mixed Platforms.ActiveCfg = Release|Any CPU
		{066BD5DF-9872-4FF8-BDC9-6561A7E45FF4}.Release Dll|Mixed Platforms.Build.0 = Release|Any CPU
		{066BD5DF-9872-4FF8-BDC9-6561A7E45FF4}.Release Dll|Win32.ActiveCfg = Release|Any CPU
		{066BD5DF-9872-4FF8-BDC9-6561A7E45FF4}.Release Mng Dll|Any CPU.ActiveCfg = Release|Any CPU
		{066BD5DF-9872-4FF8-BDC9-6561A7E45FF4}.Release Mng Dll|Any CPU.Build.0 = Release|Any CPU
		{066BD5DF-9872-4FF8-BDC9-6561A7E45FF4}.Release Mng Dll|Mixed Platforms.ActiveCfg = Release|Any CPU
		{066BD5DF-9872-4FF8-BDC9-6561A7E45FF4}.Release Mng Dll|Mixed Platforms.Build.0 = Release|Any CPU
		{066BD5DF-9872-4FF8-BDC9-6561A7E45FF4}.Release Mng Dll|Win32.ActiveCfg = Release|Any CPU
		{066BD5DF-9872-4FF8-BDC9-6561A7E45FF4}.Release|Any CPU.ActiveCfg = Release|Any CPU
		{066BD5DF-9872-4FF8-BDC9-6561A7E45FF4}.Release|Any CPU.Build.0 = Release|Any CPU
		{066BD5DF-9872-4FF8-BDC9-6561A7E45FF4}.Release|Mixed Platforms.ActiveCfg = Release|Any CPU
		{066BD5DF-9872-4FF8-BDC9-6561A7E45FF4}.Release|Mixed Platforms.Build.0 = Release|Any CPU
		{066BD5DF-9872-4FF8-BDC9-6561A7E45FF4}.Release|Win32.ActiveCfg = Release|Any CPU
	EndGlobalSection
	GlobalSection(SolutionProperties) = preSolution
		HideSolutionNode = FALSE
	EndGlobalSection
EndGlobal
