
Microsoft Visual Studio Solution File, Format Version 11.00
# Visual Studio 2010
Project("{8BC9CEB8-8B4A-11D0-8D11-00A0C91BC942}") = "ExcelPredict", "ExcelPredict\ExcelPredict.vcxproj", "{507AA235-21E6-46C6-9DCC-A9B3CFCBB5B5}"
	ProjectSection(ProjectDependencies) = postProject
		{4BCC16A0-28FF-415F-8367-D23025C7834C} = {4BCC16A0-28FF-415F-8367-D23025C7834C}
	EndProjectSection
EndProject
Project("{8BC9CEB8-8B4A-11D0-8D11-00A0C91BC942}") = "ExcelPredictBuildProcess", "ExcelPredict\ExcelPredictBuildProcess.vcxproj", "{FF7A2761-80D2-40A9-8B98-A6E3D3E6D21D}"
	ProjectSection(ProjectDependencies) = postProject
		{4BCC16A0-28FF-415F-8367-D23025C7834C} = {4BCC16A0-28FF-415F-8367-D23025C7834C}
	EndProjectSection
EndProject
Project("{8BC9CEB8-8B4A-11D0-8D11-00A0C91BC942}") = "Predict", "TrimaPredict\Predict.vcxproj", "{4BCC16A0-28FF-415F-8367-D23025C7834C}"
	ProjectSection(ProjectDependencies) = postProject
		{B1A7DD13-6EEB-47C9-AA75-AB557C4AF977} = {B1A7DD13-6EEB-47C9-AA75-AB557C4AF977}
	EndProjectSection
EndProject
Project("{8BC9CEB8-8B4A-11D0-8D11-00A0C91BC942}") = "ManagedPredict", "ManagedPredict\ManagedPredict.vcxproj", "{1FA90047-48FD-436A-A0BB-5294F7A3DFEE}"
	ProjectSection(ProjectDependencies) = postProject
		{B2F428D3-906B-4CDD-AFCE-6F0E07D3F3F6} = {B2F428D3-906B-4CDD-AFCE-6F0E07D3F3F6}
	EndProjectSection
EndProject
Project("{8BC9CEB8-8B4A-11D0-8D11-00A0C91BC942}") = "ManagedPredictBuildProcess", "ManagedPredict\ManagedPredictBuildProcess.vcxproj", "{B2F428D3-906B-4CDD-AFCE-6F0E07D3F3F6}"
EndProject
Project("{8BC9CEB8-8B4A-11D0-8D11-00A0C91BC942}") = "zlib", "ZLib\zlib.vcxproj", "{B1A7DD13-6EEB-47C9-AA75-AB557C4AF977}"
EndProject
Project("{8BC9CEB8-8B4A-11D0-8D11-00A0C91BC942}") = "PredictUnitTest", "PredictUnitTest\PredictUnitTest.vcxproj", "{36D1BFA7-991A-4698-BB77-63E1F5301E80}"
	ProjectSection(ProjectDependencies) = postProject
		{B1A7DD13-6EEB-47C9-AA75-AB557C4AF977} = {B1A7DD13-6EEB-47C9-AA75-AB557C4AF977}
		{4BCC16A0-28FF-415F-8367-D23025C7834C} = {4BCC16A0-28FF-415F-8367-D23025C7834C}
	EndProjectSection
EndProject
Global
	GlobalSection(SolutionConfigurationPlatforms) = preSolution
		Debug|Any CPU = Debug|Any CPU
		Debug|Mixed Platforms = Debug|Mixed Platforms
		Debug|Win32 = Debug|Win32
		DebugUnitTest|Any CPU = DebugUnitTest|Any CPU
		DebugUnitTest|Mixed Platforms = DebugUnitTest|Mixed Platforms
		DebugUnitTest|Win32 = DebugUnitTest|Win32
		ExcelPredictUnitTest|Any CPU = ExcelPredictUnitTest|Any CPU
		ExcelPredictUnitTest|Mixed Platforms = ExcelPredictUnitTest|Mixed Platforms
		ExcelPredictUnitTest|Win32 = ExcelPredictUnitTest|Win32
		Release Lib|Any CPU = Release Lib|Any CPU
		Release Lib|Mixed Platforms = Release Lib|Mixed Platforms
		Release Lib|Win32 = Release Lib|Win32
		Release|Any CPU = Release|Any CPU
		Release|Mixed Platforms = Release|Mixed Platforms
		Release|Win32 = Release|Win32
		ReleaseUnitTest|Any CPU = ReleaseUnitTest|Any CPU
		ReleaseUnitTest|Mixed Platforms = ReleaseUnitTest|Mixed Platforms
		ReleaseUnitTest|Win32 = ReleaseUnitTest|Win32
		Xll|Any CPU = Xll|Any CPU
		Xll|Mixed Platforms = Xll|Mixed Platforms
		Xll|Win32 = Xll|Win32
	EndGlobalSection
	GlobalSection(ProjectConfigurationPlatforms) = postSolution
		{507AA235-21E6-46C6-9DCC-A9B3CFCBB5B5}.Debug|Any CPU.ActiveCfg = Debug|Win32
		{507AA235-21E6-46C6-9DCC-A9B3CFCBB5B5}.Debug|Mixed Platforms.ActiveCfg = Debug|Win32
		{507AA235-21E6-46C6-9DCC-A9B3CFCBB5B5}.Debug|Mixed Platforms.Build.0 = Debug|Win32
		{507AA235-21E6-46C6-9DCC-A9B3CFCBB5B5}.Debug|Win32.ActiveCfg = Debug|Win32
		{507AA235-21E6-46C6-9DCC-A9B3CFCBB5B5}.Debug|Win32.Build.0 = Debug|Win32
		{507AA235-21E6-46C6-9DCC-A9B3CFCBB5B5}.DebugUnitTest|Any CPU.ActiveCfg = DebugUnitTest|Win32
		{507AA235-21E6-46C6-9DCC-A9B3CFCBB5B5}.DebugUnitTest|Mixed Platforms.ActiveCfg = DebugUnitTest|Win32
		{507AA235-21E6-46C6-9DCC-A9B3CFCBB5B5}.DebugUnitTest|Mixed Platforms.Build.0 = DebugUnitTest|Win32
		{507AA235-21E6-46C6-9DCC-A9B3CFCBB5B5}.DebugUnitTest|Win32.ActiveCfg = DebugUnitTest|Win32
		{507AA235-21E6-46C6-9DCC-A9B3CFCBB5B5}.DebugUnitTest|Win32.Build.0 = DebugUnitTest|Win32
		{507AA235-21E6-46C6-9DCC-A9B3CFCBB5B5}.ExcelPredictUnitTest|Any CPU.ActiveCfg = ExcelPredictUnitTest|Win32
		{507AA235-21E6-46C6-9DCC-A9B3CFCBB5B5}.ExcelPredictUnitTest|Mixed Platforms.ActiveCfg = ExcelPredictUnitTest|Win32
		{507AA235-21E6-46C6-9DCC-A9B3CFCBB5B5}.ExcelPredictUnitTest|Mixed Platforms.Build.0 = ExcelPredictUnitTest|Win32
		{507AA235-21E6-46C6-9DCC-A9B3CFCBB5B5}.ExcelPredictUnitTest|Win32.ActiveCfg = ExcelPredictUnitTest|Win32
		{507AA235-21E6-46C6-9DCC-A9B3CFCBB5B5}.ExcelPredictUnitTest|Win32.Build.0 = ExcelPredictUnitTest|Win32
		{507AA235-21E6-46C6-9DCC-A9B3CFCBB5B5}.Release Lib|Any CPU.ActiveCfg = Release Lib|Win32
		{507AA235-21E6-46C6-9DCC-A9B3CFCBB5B5}.Release Lib|Mixed Platforms.ActiveCfg = Release Lib|Win32
		{507AA235-21E6-46C6-9DCC-A9B3CFCBB5B5}.Release Lib|Mixed Platforms.Build.0 = Release Lib|Win32
		{507AA235-21E6-46C6-9DCC-A9B3CFCBB5B5}.Release Lib|Win32.ActiveCfg = Release Lib|Win32
		{507AA235-21E6-46C6-9DCC-A9B3CFCBB5B5}.Release Lib|Win32.Build.0 = Release Lib|Win32
		{507AA235-21E6-46C6-9DCC-A9B3CFCBB5B5}.Release|Any CPU.ActiveCfg = Release|Win32
		{507AA235-21E6-46C6-9DCC-A9B3CFCBB5B5}.Release|Mixed Platforms.ActiveCfg = Release|Win32
		{507AA235-21E6-46C6-9DCC-A9B3CFCBB5B5}.Release|Mixed Platforms.Build.0 = Release|Win32
		{507AA235-21E6-46C6-9DCC-A9B3CFCBB5B5}.Release|Win32.ActiveCfg = Release|Win32
		{507AA235-21E6-46C6-9DCC-A9B3CFCBB5B5}.Release|Win32.Build.0 = Release|Win32
		{507AA235-21E6-46C6-9DCC-A9B3CFCBB5B5}.ReleaseUnitTest|Any CPU.ActiveCfg = ReleaseUnitTest|Win32
		{507AA235-21E6-46C6-9DCC-A9B3CFCBB5B5}.ReleaseUnitTest|Mixed Platforms.ActiveCfg = ReleaseUnitTest|Win32
		{507AA235-21E6-46C6-9DCC-A9B3CFCBB5B5}.ReleaseUnitTest|Win32.ActiveCfg = ReleaseUnitTest|Win32
		{507AA235-21E6-46C6-9DCC-A9B3CFCBB5B5}.ReleaseUnitTest|Win32.Build.0 = ReleaseUnitTest|Win32
		{507AA235-21E6-46C6-9DCC-A9B3CFCBB5B5}.Xll|Any CPU.ActiveCfg = Xll|Win32
		{507AA235-21E6-46C6-9DCC-A9B3CFCBB5B5}.Xll|Mixed Platforms.ActiveCfg = Xll|Win32
		{507AA235-21E6-46C6-9DCC-A9B3CFCBB5B5}.Xll|Mixed Platforms.Build.0 = Xll|Win32
		{507AA235-21E6-46C6-9DCC-A9B3CFCBB5B5}.Xll|Win32.ActiveCfg = Xll|Win32
		{507AA235-21E6-46C6-9DCC-A9B3CFCBB5B5}.Xll|Win32.Build.0 = Xll|Win32
		{FF7A2761-80D2-40A9-8B98-A6E3D3E6D21D}.Debug|Any CPU.ActiveCfg = Debug|Win32
		{FF7A2761-80D2-40A9-8B98-A6E3D3E6D21D}.Debug|Mixed Platforms.ActiveCfg = Debug|Win32
		{FF7A2761-80D2-40A9-8B98-A6E3D3E6D21D}.Debug|Mixed Platforms.Build.0 = Debug|Win32
		{FF7A2761-80D2-40A9-8B98-A6E3D3E6D21D}.Debug|Win32.ActiveCfg = Debug|Win32
		{FF7A2761-80D2-40A9-8B98-A6E3D3E6D21D}.Debug|Win32.Build.0 = Debug|Win32
		{FF7A2761-80D2-40A9-8B98-A6E3D3E6D21D}.DebugUnitTest|Any CPU.ActiveCfg = DebugUnitTest|Win32
		{FF7A2761-80D2-40A9-8B98-A6E3D3E6D21D}.DebugUnitTest|Mixed Platforms.ActiveCfg = DebugUnitTest|Win32
		{FF7A2761-80D2-40A9-8B98-A6E3D3E6D21D}.DebugUnitTest|Mixed Platforms.Build.0 = DebugUnitTest|Win32
		{FF7A2761-80D2-40A9-8B98-A6E3D3E6D21D}.DebugUnitTest|Win32.ActiveCfg = DebugUnitTest|Win32
		{FF7A2761-80D2-40A9-8B98-A6E3D3E6D21D}.DebugUnitTest|Win32.Build.0 = DebugUnitTest|Win32
		{FF7A2761-80D2-40A9-8B98-A6E3D3E6D21D}.ExcelPredictUnitTest|Any CPU.ActiveCfg = ExcelPredictUnitTest|Win32
		{FF7A2761-80D2-40A9-8B98-A6E3D3E6D21D}.ExcelPredictUnitTest|Mixed Platforms.ActiveCfg = ExcelPredictUnitTest|Win32
		{FF7A2761-80D2-40A9-8B98-A6E3D3E6D21D}.ExcelPredictUnitTest|Mixed Platforms.Build.0 = ExcelPredictUnitTest|Win32
		{FF7A2761-80D2-40A9-8B98-A6E3D3E6D21D}.ExcelPredictUnitTest|Win32.ActiveCfg = ExcelPredictUnitTest|Win32
		{FF7A2761-80D2-40A9-8B98-A6E3D3E6D21D}.ExcelPredictUnitTest|Win32.Build.0 = ExcelPredictUnitTest|Win32
		{FF7A2761-80D2-40A9-8B98-A6E3D3E6D21D}.Release Lib|Any CPU.ActiveCfg = Release Lib|Win32
		{FF7A2761-80D2-40A9-8B98-A6E3D3E6D21D}.Release Lib|Mixed Platforms.ActiveCfg = Release Lib|Win32
		{FF7A2761-80D2-40A9-8B98-A6E3D3E6D21D}.Release Lib|Mixed Platforms.Build.0 = Release Lib|Win32
		{FF7A2761-80D2-40A9-8B98-A6E3D3E6D21D}.Release Lib|Win32.ActiveCfg = Release Lib|Win32
		{FF7A2761-80D2-40A9-8B98-A6E3D3E6D21D}.Release Lib|Win32.Build.0 = Release Lib|Win32
		{FF7A2761-80D2-40A9-8B98-A6E3D3E6D21D}.Release|Any CPU.ActiveCfg = Release|Win32
		{FF7A2761-80D2-40A9-8B98-A6E3D3E6D21D}.Release|Mixed Platforms.ActiveCfg = Release|Win32
		{FF7A2761-80D2-40A9-8B98-A6E3D3E6D21D}.Release|Mixed Platforms.Build.0 = Release|Win32
		{FF7A2761-80D2-40A9-8B98-A6E3D3E6D21D}.Release|Win32.ActiveCfg = Release|Win32
		{FF7A2761-80D2-40A9-8B98-A6E3D3E6D21D}.Release|Win32.Build.0 = Release|Win32
		{FF7A2761-80D2-40A9-8B98-A6E3D3E6D21D}.ReleaseUnitTest|Any CPU.ActiveCfg = ReleaseUnitTest|Win32
		{FF7A2761-80D2-40A9-8B98-A6E3D3E6D21D}.ReleaseUnitTest|Mixed Platforms.ActiveCfg = ReleaseUnitTest|Win32
		{FF7A2761-80D2-40A9-8B98-A6E3D3E6D21D}.ReleaseUnitTest|Win32.ActiveCfg = ReleaseUnitTest|Win32
		{FF7A2761-80D2-40A9-8B98-A6E3D3E6D21D}.ReleaseUnitTest|Win32.Build.0 = ReleaseUnitTest|Win32
		{FF7A2761-80D2-40A9-8B98-A6E3D3E6D21D}.Xll|Any CPU.ActiveCfg = Xll|Win32
		{FF7A2761-80D2-40A9-8B98-A6E3D3E6D21D}.Xll|Mixed Platforms.ActiveCfg = Xll|Win32
		{FF7A2761-80D2-40A9-8B98-A6E3D3E6D21D}.Xll|Mixed Platforms.Build.0 = Xll|Win32
		{FF7A2761-80D2-40A9-8B98-A6E3D3E6D21D}.Xll|Win32.ActiveCfg = Xll|Win32
		{FF7A2761-80D2-40A9-8B98-A6E3D3E6D21D}.Xll|Win32.Build.0 = Xll|Win32
		{4BCC16A0-28FF-415F-8367-D23025C7834C}.Debug|Any CPU.ActiveCfg = Debug|Win32
		{4BCC16A0-28FF-415F-8367-D23025C7834C}.Debug|Mixed Platforms.ActiveCfg = Debug|Win32
		{4BCC16A0-28FF-415F-8367-D23025C7834C}.Debug|Mixed Platforms.Build.0 = Debug|Win32
		{4BCC16A0-28FF-415F-8367-D23025C7834C}.Debug|Win32.ActiveCfg = Debug|Win32
		{4BCC16A0-28FF-415F-8367-D23025C7834C}.Debug|Win32.Build.0 = Debug|Win32
		{4BCC16A0-28FF-415F-8367-D23025C7834C}.DebugUnitTest|Any CPU.ActiveCfg = DebugUnitTest|Win32
		{4BCC16A0-28FF-415F-8367-D23025C7834C}.DebugUnitTest|Mixed Platforms.ActiveCfg = DebugUnitTest|Win32
		{4BCC16A0-28FF-415F-8367-D23025C7834C}.DebugUnitTest|Mixed Platforms.Build.0 = DebugUnitTest|Win32
		{4BCC16A0-28FF-415F-8367-D23025C7834C}.DebugUnitTest|Win32.ActiveCfg = DebugUnitTest|Win32
		{4BCC16A0-28FF-415F-8367-D23025C7834C}.DebugUnitTest|Win32.Build.0 = DebugUnitTest|Win32
		{4BCC16A0-28FF-415F-8367-D23025C7834C}.ExcelPredictUnitTest|Any CPU.ActiveCfg = ExcelPredictUnitTest|Win32
		{4BCC16A0-28FF-415F-8367-D23025C7834C}.ExcelPredictUnitTest|Mixed Platforms.ActiveCfg = ExcelPredictUnitTest|Win32
		{4BCC16A0-28FF-415F-8367-D23025C7834C}.ExcelPredictUnitTest|Mixed Platforms.Build.0 = ExcelPredictUnitTest|Win32
		{4BCC16A0-28FF-415F-8367-D23025C7834C}.ExcelPredictUnitTest|Win32.ActiveCfg = ExcelPredictUnitTest|Win32
		{4BCC16A0-28FF-415F-8367-D23025C7834C}.ExcelPredictUnitTest|Win32.Build.0 = ExcelPredictUnitTest|Win32
		{4BCC16A0-28FF-415F-8367-D23025C7834C}.Release Lib|Any CPU.ActiveCfg = Release Lib|Win32
		{4BCC16A0-28FF-415F-8367-D23025C7834C}.Release Lib|Mixed Platforms.ActiveCfg = Release Lib|Win32
		{4BCC16A0-28FF-415F-8367-D23025C7834C}.Release Lib|Mixed Platforms.Build.0 = Release Lib|Win32
		{4BCC16A0-28FF-415F-8367-D23025C7834C}.Release Lib|Win32.ActiveCfg = Release Lib|Win32
		{4BCC16A0-28FF-415F-8367-D23025C7834C}.Release Lib|Win32.Build.0 = Release Lib|Win32
		{4BCC16A0-28FF-415F-8367-D23025C7834C}.Release|Any CPU.ActiveCfg = Release|Win32
		{4BCC16A0-28FF-415F-8367-D23025C7834C}.Release|Mixed Platforms.ActiveCfg = Release|Win32
		{4BCC16A0-28FF-415F-8367-D23025C7834C}.Release|Mixed Platforms.Build.0 = Release|Win32
		{4BCC16A0-28FF-415F-8367-D23025C7834C}.Release|Win32.ActiveCfg = Release|Win32
		{4BCC16A0-28FF-415F-8367-D23025C7834C}.Release|Win32.Build.0 = Release|Win32
		{4BCC16A0-28FF-415F-8367-D23025C7834C}.ReleaseUnitTest|Any CPU.ActiveCfg = ReleaseUnitTest|Win32
		{4BCC16A0-28FF-415F-8367-D23025C7834C}.ReleaseUnitTest|Mixed Platforms.ActiveCfg = ReleaseUnitTest|Win32
		{4BCC16A0-28FF-415F-8367-D23025C7834C}.ReleaseUnitTest|Mixed Platforms.Build.0 = ReleaseUnitTest|Win32
		{4BCC16A0-28FF-415F-8367-D23025C7834C}.ReleaseUnitTest|Win32.ActiveCfg = ReleaseUnitTest|Win32
		{4BCC16A0-28FF-415F-8367-D23025C7834C}.ReleaseUnitTest|Win32.Build.0 = ReleaseUnitTest|Win32
		{4BCC16A0-28FF-415F-8367-D23025C7834C}.Xll|Any CPU.ActiveCfg = Xll|Win32
		{4BCC16A0-28FF-415F-8367-D23025C7834C}.Xll|Mixed Platforms.ActiveCfg = Xll|Win32
		{4BCC16A0-28FF-415F-8367-D23025C7834C}.Xll|Mixed Platforms.Build.0 = Xll|Win32
		{4BCC16A0-28FF-415F-8367-D23025C7834C}.Xll|Win32.ActiveCfg = Xll|Win32
		{4BCC16A0-28FF-415F-8367-D23025C7834C}.Xll|Win32.Build.0 = Xll|Win32
		{1FA90047-48FD-436A-A0BB-5294F7A3DFEE}.Debug|Any CPU.ActiveCfg = Debug|Win32
		{1FA90047-48FD-436A-A0BB-5294F7A3DFEE}.Debug|Mixed Platforms.ActiveCfg = Debug|Win32
		{1FA90047-48FD-436A-A0BB-5294F7A3DFEE}.Debug|Mixed Platforms.Build.0 = Debug|Win32
		{1FA90047-48FD-436A-A0BB-5294F7A3DFEE}.Debug|Win32.ActiveCfg = Debug|Win32
		{1FA90047-48FD-436A-A0BB-5294F7A3DFEE}.Debug|Win32.Build.0 = Debug|Win32
		{1FA90047-48FD-436A-A0BB-5294F7A3DFEE}.DebugUnitTest|Any CPU.ActiveCfg = DebugUnitTest|Win32
		{1FA90047-48FD-436A-A0BB-5294F7A3DFEE}.DebugUnitTest|Mixed Platforms.ActiveCfg = DebugUnitTest|Win32
		{1FA90047-48FD-436A-A0BB-5294F7A3DFEE}.DebugUnitTest|Mixed Platforms.Build.0 = DebugUnitTest|Win32
		{1FA90047-48FD-436A-A0BB-5294F7A3DFEE}.DebugUnitTest|Win32.ActiveCfg = DebugUnitTest|Win32
		{1FA90047-48FD-436A-A0BB-5294F7A3DFEE}.DebugUnitTest|Win32.Build.0 = DebugUnitTest|Win32
		{1FA90047-48FD-436A-A0BB-5294F7A3DFEE}.ExcelPredictUnitTest|Any CPU.ActiveCfg = ExcelPredictUnitTest|Win32
		{1FA90047-48FD-436A-A0BB-5294F7A3DFEE}.ExcelPredictUnitTest|Mixed Platforms.ActiveCfg = ExcelPredictUnitTest|Win32
		{1FA90047-48FD-436A-A0BB-5294F7A3DFEE}.ExcelPredictUnitTest|Win32.ActiveCfg = ExcelPredictUnitTest|Win32
		{1FA90047-48FD-436A-A0BB-5294F7A3DFEE}.ExcelPredictUnitTest|Win32.Build.0 = ExcelPredictUnitTest|Win32
		{1FA90047-48FD-436A-A0BB-5294F7A3DFEE}.Release Lib|Any CPU.ActiveCfg = Release Lib|Win32
		{1FA90047-48FD-436A-A0BB-5294F7A3DFEE}.Release Lib|Mixed Platforms.ActiveCfg = Release Lib|Win32
		{1FA90047-48FD-436A-A0BB-5294F7A3DFEE}.Release Lib|Mixed Platforms.Build.0 = Release Lib|Win32
		{1FA90047-48FD-436A-A0BB-5294F7A3DFEE}.Release Lib|Win32.ActiveCfg = Release Lib|Win32
		{1FA90047-48FD-436A-A0BB-5294F7A3DFEE}.Release Lib|Win32.Build.0 = Release Lib|Win32
		{1FA90047-48FD-436A-A0BB-5294F7A3DFEE}.Release|Any CPU.ActiveCfg = Release|Win32
		{1FA90047-48FD-436A-A0BB-5294F7A3DFEE}.Release|Mixed Platforms.ActiveCfg = Release|Win32
		{1FA90047-48FD-436A-A0BB-5294F7A3DFEE}.Release|Mixed Platforms.Build.0 = Release|Win32
		{1FA90047-48FD-436A-A0BB-5294F7A3DFEE}.Release|Win32.ActiveCfg = Release|Win32
		{1FA90047-48FD-436A-A0BB-5294F7A3DFEE}.Release|Win32.Build.0 = Release|Win32
		{1FA90047-48FD-436A-A0BB-5294F7A3DFEE}.ReleaseUnitTest|Any CPU.ActiveCfg = ReleaseUnitTest|Win32
		{1FA90047-48FD-436A-A0BB-5294F7A3DFEE}.ReleaseUnitTest|Mixed Platforms.ActiveCfg = ReleaseUnitTest|Win32
		{1FA90047-48FD-436A-A0BB-5294F7A3DFEE}.ReleaseUnitTest|Win32.ActiveCfg = ReleaseUnitTest|Win32
		{1FA90047-48FD-436A-A0BB-5294F7A3DFEE}.ReleaseUnitTest|Win32.Build.0 = ReleaseUnitTest|Win32
		{1FA90047-48FD-436A-A0BB-5294F7A3DFEE}.Xll|Any CPU.ActiveCfg = Xll|Win32
		{1FA90047-48FD-436A-A0BB-5294F7A3DFEE}.Xll|Mixed Platforms.ActiveCfg = Release|Win32
		{1FA90047-48FD-436A-A0BB-5294F7A3DFEE}.Xll|Win32.ActiveCfg = Xll|Win32
		{1FA90047-48FD-436A-A0BB-5294F7A3DFEE}.Xll|Win32.Build.0 = Xll|Win32
		{B2F428D3-906B-4CDD-AFCE-6F0E07D3F3F6}.Debug|Any CPU.ActiveCfg = Debug|Win32
		{B2F428D3-906B-4CDD-AFCE-6F0E07D3F3F6}.Debug|Mixed Platforms.ActiveCfg = Debug|Win32
		{B2F428D3-906B-4CDD-AFCE-6F0E07D3F3F6}.Debug|Mixed Platforms.Build.0 = Debug|Win32
		{B2F428D3-906B-4CDD-AFCE-6F0E07D3F3F6}.Debug|Win32.ActiveCfg = Debug|Win32
		{B2F428D3-906B-4CDD-AFCE-6F0E07D3F3F6}.Debug|Win32.Build.0 = Debug|Win32
		{B2F428D3-906B-4CDD-AFCE-6F0E07D3F3F6}.DebugUnitTest|Any CPU.ActiveCfg = DebugUnitTest|Win32
		{B2F428D3-906B-4CDD-AFCE-6F0E07D3F3F6}.DebugUnitTest|Mixed Platforms.ActiveCfg = DebugUnitTest|Win32
		{B2F428D3-906B-4CDD-AFCE-6F0E07D3F3F6}.DebugUnitTest|Mixed Platforms.Build.0 = DebugUnitTest|Win32
		{B2F428D3-906B-4CDD-AFCE-6F0E07D3F3F6}.DebugUnitTest|Win32.ActiveCfg = DebugUnitTest|Win32
		{B2F428D3-906B-4CDD-AFCE-6F0E07D3F3F6}.DebugUnitTest|Win32.Build.0 = DebugUnitTest|Win32
		{B2F428D3-906B-4CDD-AFCE-6F0E07D3F3F6}.ExcelPredictUnitTest|Any CPU.ActiveCfg = ExcelPredictUnitTest|Win32
		{B2F428D3-906B-4CDD-AFCE-6F0E07D3F3F6}.ExcelPredictUnitTest|Mixed Platforms.ActiveCfg = ExcelPredictUnitTest|Win32
		{B2F428D3-906B-4CDD-AFCE-6F0E07D3F3F6}.ExcelPredictUnitTest|Win32.ActiveCfg = ExcelPredictUnitTest|Win32
		{B2F428D3-906B-4CDD-AFCE-6F0E07D3F3F6}.ExcelPredictUnitTest|Win32.Build.0 = ExcelPredictUnitTest|Win32
		{B2F428D3-906B-4CDD-AFCE-6F0E07D3F3F6}.Release Lib|Any CPU.ActiveCfg = Release Lib|Win32
		{B2F428D3-906B-4CDD-AFCE-6F0E07D3F3F6}.Release Lib|Mixed Platforms.ActiveCfg = Release Lib|Win32
		{B2F428D3-906B-4CDD-AFCE-6F0E07D3F3F6}.Release Lib|Mixed Platforms.Build.0 = Release Lib|Win32
		{B2F428D3-906B-4CDD-AFCE-6F0E07D3F3F6}.Release Lib|Win32.ActiveCfg = Release Lib|Win32
		{B2F428D3-906B-4CDD-AFCE-6F0E07D3F3F6}.Release Lib|Win32.Build.0 = Release Lib|Win32
		{B2F428D3-906B-4CDD-AFCE-6F0E07D3F3F6}.Release|Any CPU.ActiveCfg = Release|Win32
		{B2F428D3-906B-4CDD-AFCE-6F0E07D3F3F6}.Release|Mixed Platforms.ActiveCfg = Release|Win32
		{B2F428D3-906B-4CDD-AFCE-6F0E07D3F3F6}.Release|Mixed Platforms.Build.0 = Release|Win32
		{B2F428D3-906B-4CDD-AFCE-6F0E07D3F3F6}.Release|Win32.ActiveCfg = Release|Win32
		{B2F428D3-906B-4CDD-AFCE-6F0E07D3F3F6}.Release|Win32.Build.0 = Release|Win32
		{B2F428D3-906B-4CDD-AFCE-6F0E07D3F3F6}.ReleaseUnitTest|Any CPU.ActiveCfg = ReleaseUnitTest|Win32
		{B2F428D3-906B-4CDD-AFCE-6F0E07D3F3F6}.ReleaseUnitTest|Mixed Platforms.ActiveCfg = ReleaseUnitTest|Win32
		{B2F428D3-906B-4CDD-AFCE-6F0E07D3F3F6}.ReleaseUnitTest|Win32.ActiveCfg = ReleaseUnitTest|Win32
		{B2F428D3-906B-4CDD-AFCE-6F0E07D3F3F6}.ReleaseUnitTest|Win32.Build.0 = ReleaseUnitTest|Win32
		{B2F428D3-906B-4CDD-AFCE-6F0E07D3F3F6}.Xll|Any CPU.ActiveCfg = Xll|Win32
		{B2F428D3-906B-4CDD-AFCE-6F0E07D3F3F6}.Xll|Mixed Platforms.ActiveCfg = Xll|Win32
		{B2F428D3-906B-4CDD-AFCE-6F0E07D3F3F6}.Xll|Mixed Platforms.Build.0 = Xll|Win32
		{B2F428D3-906B-4CDD-AFCE-6F0E07D3F3F6}.Xll|Win32.ActiveCfg = Xll|Win32
		{B2F428D3-906B-4CDD-AFCE-6F0E07D3F3F6}.Xll|Win32.Build.0 = Xll|Win32
		{B1A7DD13-6EEB-47C9-AA75-AB557C4AF977}.Debug|Any CPU.ActiveCfg = Debug|Win32
		{B1A7DD13-6EEB-47C9-AA75-AB557C4AF977}.Debug|Mixed Platforms.ActiveCfg = Debug|Win32
		{B1A7DD13-6EEB-47C9-AA75-AB557C4AF977}.Debug|Mixed Platforms.Build.0 = Debug|Win32
		{B1A7DD13-6EEB-47C9-AA75-AB557C4AF977}.Debug|Win32.ActiveCfg = Debug|Win32
		{B1A7DD13-6EEB-47C9-AA75-AB557C4AF977}.Debug|Win32.Build.0 = Debug|Win32
		{B1A7DD13-6EEB-47C9-AA75-AB557C4AF977}.DebugUnitTest|Any CPU.ActiveCfg = DebugUnitTest|Win32
		{B1A7DD13-6EEB-47C9-AA75-AB557C4AF977}.DebugUnitTest|Mixed Platforms.ActiveCfg = DebugUnitTest|Win32
		{B1A7DD13-6EEB-47C9-AA75-AB557C4AF977}.DebugUnitTest|Mixed Platforms.Build.0 = DebugUnitTest|Win32
		{B1A7DD13-6EEB-47C9-AA75-AB557C4AF977}.DebugUnitTest|Win32.ActiveCfg = DebugUnitTest|Win32
		{B1A7DD13-6EEB-47C9-AA75-AB557C4AF977}.DebugUnitTest|Win32.Build.0 = DebugUnitTest|Win32
		{B1A7DD13-6EEB-47C9-AA75-AB557C4AF977}.ExcelPredictUnitTest|Any CPU.ActiveCfg = ExcelPredictUnitTest|Win32
		{B1A7DD13-6EEB-47C9-AA75-AB557C4AF977}.ExcelPredictUnitTest|Mixed Platforms.ActiveCfg = ExcelPredictUnitTest|Win32
		{B1A7DD13-6EEB-47C9-AA75-AB557C4AF977}.ExcelPredictUnitTest|Mixed Platforms.Build.0 = ExcelPredictUnitTest|Win32
		{B1A7DD13-6EEB-47C9-AA75-AB557C4AF977}.ExcelPredictUnitTest|Win32.ActiveCfg = ExcelPredictUnitTest|Win32
		{B1A7DD13-6EEB-47C9-AA75-AB557C4AF977}.ExcelPredictUnitTest|Win32.Build.0 = ExcelPredictUnitTest|Win32
		{B1A7DD13-6EEB-47C9-AA75-AB557C4AF977}.Release Lib|Any CPU.ActiveCfg = Release Lib|Win32
		{B1A7DD13-6EEB-47C9-AA75-AB557C4AF977}.Release Lib|Mixed Platforms.ActiveCfg = Release Lib|Win32
		{B1A7DD13-6EEB-47C9-AA75-AB557C4AF977}.Release Lib|Mixed Platforms.Build.0 = Release Lib|Win32
		{B1A7DD13-6EEB-47C9-AA75-AB557C4AF977}.Release Lib|Win32.ActiveCfg = Release Lib|Win32
		{B1A7DD13-6EEB-47C9-AA75-AB557C4AF977}.Release Lib|Win32.Build.0 = Release Lib|Win32
		{B1A7DD13-6EEB-47C9-AA75-AB557C4AF977}.Release|Any CPU.ActiveCfg = Release|Win32
		{B1A7DD13-6EEB-47C9-AA75-AB557C4AF977}.Release|Mixed Platforms.ActiveCfg = Release|Win32
		{B1A7DD13-6EEB-47C9-AA75-AB557C4AF977}.Release|Mixed Platforms.Build.0 = Release|Win32
		{B1A7DD13-6EEB-47C9-AA75-AB557C4AF977}.Release|Win32.ActiveCfg = Release|Win32
		{B1A7DD13-6EEB-47C9-AA75-AB557C4AF977}.Release|Win32.Build.0 = Release|Win32
		{B1A7DD13-6EEB-47C9-AA75-AB557C4AF977}.ReleaseUnitTest|Any CPU.ActiveCfg = ReleaseUnitTest|Win32
		{B1A7DD13-6EEB-47C9-AA75-AB557C4AF977}.ReleaseUnitTest|Mixed Platforms.ActiveCfg = ReleaseUnitTest|Win32
		{B1A7DD13-6EEB-47C9-AA75-AB557C4AF977}.ReleaseUnitTest|Mixed Platforms.Build.0 = ReleaseUnitTest|Win32
		{B1A7DD13-6EEB-47C9-AA75-AB557C4AF977}.ReleaseUnitTest|Win32.ActiveCfg = ReleaseUnitTest|Win32
		{B1A7DD13-6EEB-47C9-AA75-AB557C4AF977}.ReleaseUnitTest|Win32.Build.0 = ReleaseUnitTest|Win32
		{B1A7DD13-6EEB-47C9-AA75-AB557C4AF977}.Xll|Any CPU.ActiveCfg = Xll|Win32
		{B1A7DD13-6EEB-47C9-AA75-AB557C4AF977}.Xll|Mixed Platforms.ActiveCfg = Xll|Win32
		{B1A7DD13-6EEB-47C9-AA75-AB557C4AF977}.Xll|Mixed Platforms.Build.0 = Xll|Win32
		{B1A7DD13-6EEB-47C9-AA75-AB557C4AF977}.Xll|Win32.ActiveCfg = Xll|Win32
		{B1A7DD13-6EEB-47C9-AA75-AB557C4AF977}.Xll|Win32.Build.0 = Xll|Win32
		{36D1BFA7-991A-4698-BB77-63E1F5301E80}.Debug|Any CPU.ActiveCfg = Debug|Win32
		{36D1BFA7-991A-4698-BB77-63E1F5301E80}.Debug|Mixed Platforms.ActiveCfg = Debug|Win32
		{36D1BFA7-991A-4698-BB77-63E1F5301E80}.Debug|Mixed Platforms.Build.0 = Debug|Win32
		{36D1BFA7-991A-4698-BB77-63E1F5301E80}.Debug|Win32.ActiveCfg = Debug|Win32
		{36D1BFA7-991A-4698-BB77-63E1F5301E80}.Debug|Win32.Build.0 = Debug|Win32
		{36D1BFA7-991A-4698-BB77-63E1F5301E80}.DebugUnitTest|Any CPU.ActiveCfg = DebugUnitTest|Win32
		{36D1BFA7-991A-4698-BB77-63E1F5301E80}.DebugUnitTest|Mixed Platforms.ActiveCfg = DebugUnitTest|Win32
		{36D1BFA7-991A-4698-BB77-63E1F5301E80}.DebugUnitTest|Mixed Platforms.Build.0 = DebugUnitTest|Win32
		{36D1BFA7-991A-4698-BB77-63E1F5301E80}.DebugUnitTest|Win32.ActiveCfg = DebugUnitTest|Win32
		{36D1BFA7-991A-4698-BB77-63E1F5301E80}.DebugUnitTest|Win32.Build.0 = DebugUnitTest|Win32
		{36D1BFA7-991A-4698-BB77-63E1F5301E80}.ExcelPredictUnitTest|Any CPU.ActiveCfg = ExcelPredictUnitTest|Win32
		{36D1BFA7-991A-4698-BB77-63E1F5301E80}.ExcelPredictUnitTest|Mixed Platforms.ActiveCfg = ExcelPredictUnitTest|Win32
		{36D1BFA7-991A-4698-BB77-63E1F5301E80}.ExcelPredictUnitTest|Win32.ActiveCfg = ExcelPredictUnitTest|Win32
		{36D1BFA7-991A-4698-BB77-63E1F5301E80}.ExcelPredictUnitTest|Win32.Build.0 = ExcelPredictUnitTest|Win32
		{36D1BFA7-991A-4698-BB77-63E1F5301E80}.Release Lib|Any CPU.ActiveCfg = Release Lib|Win32
		{36D1BFA7-991A-4698-BB77-63E1F5301E80}.Release Lib|Mixed Platforms.ActiveCfg = Release Lib|Win32
		{36D1BFA7-991A-4698-BB77-63E1F5301E80}.Release Lib|Mixed Platforms.Build.0 = Release Lib|Win32
		{36D1BFA7-991A-4698-BB77-63E1F5301E80}.Release Lib|Win32.ActiveCfg = Release Lib|Win32
		{36D1BFA7-991A-4698-BB77-63E1F5301E80}.Release Lib|Win32.Build.0 = Release Lib|Win32
		{36D1BFA7-991A-4698-BB77-63E1F5301E80}.Release|Any CPU.ActiveCfg = Release|Win32
		{36D1BFA7-991A-4698-BB77-63E1F5301E80}.Release|Mixed Platforms.ActiveCfg = Release|Win32
		{36D1BFA7-991A-4698-BB77-63E1F5301E80}.Release|Mixed Platforms.Build.0 = Release|Win32
		{36D1BFA7-991A-4698-BB77-63E1F5301E80}.Release|Win32.ActiveCfg = Release|Win32
		{36D1BFA7-991A-4698-BB77-63E1F5301E80}.Release|Win32.Build.0 = Release|Win32
		{36D1BFA7-991A-4698-BB77-63E1F5301E80}.ReleaseUnitTest|Any CPU.ActiveCfg = ReleaseUnitTest|Win32
		{36D1BFA7-991A-4698-BB77-63E1F5301E80}.ReleaseUnitTest|Mixed Platforms.ActiveCfg = ReleaseUnitTest|Win32
		{36D1BFA7-991A-4698-BB77-63E1F5301E80}.ReleaseUnitTest|Mixed Platforms.Build.0 = ReleaseUnitTest|Win32
		{36D1BFA7-991A-4698-BB77-63E1F5301E80}.ReleaseUnitTest|Win32.ActiveCfg = ReleaseUnitTest|Win32
		{36D1BFA7-991A-4698-BB77-63E1F5301E80}.ReleaseUnitTest|Win32.Build.0 = ReleaseUnitTest|Win32
		{36D1BFA7-991A-4698-BB77-63E1F5301E80}.Xll|Any CPU.ActiveCfg = Xll|Win32
		{36D1BFA7-991A-4698-BB77-63E1F5301E80}.Xll|Mixed Platforms.ActiveCfg = Release|Win32
		{36D1BFA7-991A-4698-BB77-63E1F5301E80}.Xll|Win32.ActiveCfg = Xll|Win32
		{36D1BFA7-991A-4698-BB77-63E1F5301E80}.Xll|Win32.Build.0 = Xll|Win32
	EndGlobalSection
	GlobalSection(SolutionProperties) = preSolution
		HideSolutionNode = FALSE
	EndGlobalSection
EndGlobal
