<?xml version="1.0" encoding="utf-8"?>
<Project ToolsVersion="4.0" xmlns="http://schemas.microsoft.com/developer/msbuild/2003">
  <ItemGroup>
    <Filter Include="Source Files">
      <UniqueIdentifier>{4FC737F1-C7A5-4376-A066-2A32D752A2FF}</UniqueIdentifier>
      <Extensions>cpp;c;cc;cxx;def;odl;idl;hpj;bat;asm;asmx</Extensions>
    </Filter>
    <Filter Include="Header Files">
      <UniqueIdentifier>{93995380-89BD-4b04-88EB-625FBE52EBFB}</UniqueIdentifier>
      <Extensions>h;hpp;hxx;hm;inl;inc;xsd</Extensions>
    </Filter>
    <Filter Include="Resource Files">
      <UniqueIdentifier>{67DA6AB6-F800-4c08-8B7A-83BB121AAD01}</UniqueIdentifier>
      <Extensions>rc;ico;cur;bmp;dlg;rc2;rct;bin;rgs;gif;jpg;jpeg;jpe;resx;tiff;tif;png;wav;mfcribbon-ms</Extensions>
    </Filter>
    <Filter Include="Data">
      <UniqueIdentifier>{7b066e14-020e-4aac-a144-2926b333ff3c}</UniqueIdentifier>
    </Filter>
    <Filter Include="PredictFiles">
      <UniqueIdentifier>{aab26fe5-fcb7-4dc5-88ba-35f5e7f4d779}</UniqueIdentifier>
    </Filter>
  </ItemGroup>
  <ItemGroup>
    <ClCompile Include="Main.cpp">
      <Filter>Source Files</Filter>
    </ClCompile>
    <ClCompile Include="assert.cpp">
      <Filter>Source Files</Filter>
    </ClCompile>
    <ClCompile Include="TestBase.cpp">
      <Filter>Source Files</Filter>
    </ClCompile>
    <ClCompile Include="TestCollection.cpp">
      <Filter>Source Files</Filter>
    </ClCompile>
    <ClCompile Include="TestResult.cpp">
      <Filter>Source Files</Filter>
    </ClCompile>
    <ClCompile Include="DummyTest.cpp">
      <Filter>Source Files</Filter>
    </ClCompile>
    <ClCompile Include="PIRTest.cpp">
      <Filter>Source Files</Filter>
    </ClCompile>
    <ClCompile Include="SubstateTest.cpp">
      <Filter>Source Files</Filter>
    </ClCompile>
    <ClCompile Include="PredictTestParameter.cpp">
      <Filter>Source Files</Filter>
    </ClCompile>
    <ClCompile Include="BaseResultGenerator.cpp">
      <Filter>Source Files</Filter>
    </ClCompile>
    <ClCompile Include="OldVersionCompareTest.cpp">
      <Filter>Source Files</Filter>
    </ClCompile>
    <ClCompile Include="WBCPurgeTimeTest.cpp">
      <Filter>Source Files</Filter>
    </ClCompile>
  </ItemGroup>
  <ItemGroup>
    <ClInclude Include="TestResult.h">
      <Filter>Header Files</Filter>
    </ClInclude>
    <ClInclude Include="Assert.h">
      <Filter>Header Files</Filter>
    </ClInclude>
    <ClInclude Include="DummyTest.h">
      <Filter>Header Files</Filter>
    </ClInclude>
    <ClInclude Include="TestBase.h">
      <Filter>Header Files</Filter>
    </ClInclude>
    <ClInclude Include="TestCollection.h">
      <Filter>Header Files</Filter>
    </ClInclude>
    <ClInclude Include="PIRTest.h">
      <Filter>Header Files</Filter>
    </ClInclude>
    <ClInclude Include="SubstateTest.h">
      <Filter>Header Files</Filter>
    </ClInclude>
    <ClInclude Include="PredictTestParameter.h">
      <Filter>Header Files</Filter>
    </ClInclude>
    <ClInclude Include="AccessorTemplates.h">
      <Filter>Header Files</Filter>
    </ClInclude>
    <ClInclude Include="BaseResultGenerator.h">
      <Filter>Header Files</Filter>
    </ClInclude>
    <ClInclude Include="OldVersionCompareTest.h">
      <Filter>Header Files</Filter>
    </ClInclude>
    <ClInclude Include="WBCPurgeTimeTest.h">
      <Filter>Header Files</Filter>
    </ClInclude>
  </ItemGroup>
  <ItemGroup>
    <None Include="Data\pir_sw.dat">
      <Filter>Data</Filter>
    </None>
    <None Include="Data\pir_cobe_config.dat">
      <Filter>Data</Filter>
    </None>
    <None Include="Data\pir_config.dat">
      <Filter>Data</Filter>
    </None>
    <None Include="Data\pir_donor.csv">
      <Filter>Data</Filter>
    </None>
    <None Include="Data\pir_baseresult.csv">
      <Filter>Data</Filter>
    </None>
    <None Include="Data\features.bin">
      <Filter>Data</Filter>
    </None>
    <None Include="Data\ResultTransform.xslt">
      <Filter>Data</Filter>
    </None>
    <None Include="Data\prebuild.bat">
      <Filter>Data</Filter>
    </None>
    <None Include="Data\msxsl.exe">
      <Filter>Data</Filter>
    </None>
    <None Include="Data\ReleaseUnitTest.bat">
      <Filter>Data</Filter>
    </None>
    <None Include="Data\62_baseresult.csv">
      <Filter>Data</Filter>
    </None>
    <None Include="Data\62_cobe_config.dat">
      <Filter>Data</Filter>
    </None>
    <None Include="Data\62_config.dat">
      <Filter>Data</Filter>
    </None>
    <None Include="Data\62_sw.dat">
      <Filter>Data</Filter>
    </None>
  </ItemGroup>
</Project>